
Microsoft Visual Studio Solution File, Format Version 12.00
# Visual Studio Version 17
VisualStudioVersion = 17.3.32825.248
MinimumVisualStudioVersion = 10.0.40219.1
Project("{FAE04EC0-301F-11D3-BF4B-00C04F79EFBC}") = "001_HelloWorld", "001_HelloWorld\001_HelloWorld.csproj", "{62FC9EC4-6605-4E30-B3DA-A64D0AA3412D}"
EndProject
Project("{FAE04EC0-301F-11D3-BF4B-00C04F79EFBC}") = "002_HelloWorld2", "002_HelloWorld2\002_HelloWorld2.csproj", "{00C499DF-1019-40DD-93E2-A1CD10BD2107}"
EndProject
Project("{FAE04EC0-301F-11D3-BF4B-00C04F79EFBC}") = "003_HelloWorld3", "003_HelloWorld3\003_HelloWorld3.csproj", "{C0D8B926-8969-4896-8F5D-7E7BEB129763}"
EndProject
Project("{FAE04EC0-301F-11D3-BF4B-00C04F79EFBC}") = "004_Check", "004_Check\004_Check.csproj", "{9A82AC06-C863-4BE9-8A10-7875C742AC84}"
EndProject
Project("{FAE04EC0-301F-11D3-BF4B-00C04F79EFBC}") = "005_Check", "005_Check\005_Check.csproj", "{EAC07E7B-600B-4898-B6F0-88EDFFD2E9C7}"
EndProject
Project("{FAE04EC0-301F-11D3-BF4B-00C04F79EFBC}") = "006_Variable", "006_Variable\006_Variable.csproj", "{C2F99C32-7D55-4B95-8D0E-02CB15D54705}"
EndProject
Project("{FAE04EC0-301F-11D3-BF4B-00C04F79EFBC}") = "007_Variable2", "007_Variable2\007_Variable2.csproj", "{531081EF-2FEE-44DB-A25F-CE48145EEE0B}"
EndProject
Project("{FAE04EC0-301F-11D3-BF4B-00C04F79EFBC}") = "008_Data1", "008_Data1\008_Data1.csproj", "{7D77747E-FB50-4F57-8B2C-4B46653FD7F1}"
EndProject
Project("{FAE04EC0-301F-11D3-BF4B-00C04F79EFBC}") = "009_Data2", "009_Data2\009_Data2.csproj", "{B17DFA10-0BC8-4567-98CD-2D51B3B40C8C}"
EndProject
Project("{FAE04EC0-301F-11D3-BF4B-00C04F79EFBC}") = "010_Data3", "010_Data3\010_Data3.csproj", "{AF1F5DFB-7C44-4737-8409-2E6A91B32FE1}"
EndProject
Project("{FAE04EC0-301F-11D3-BF4B-00C04F79EFBC}") = "011_Data4", "011_Data4\011_Data4.csproj", "{8ADAC335-1CE5-4731-A0EC-143A587B1B31}"
EndProject
Project("{FAE04EC0-301F-11D3-BF4B-00C04F79EFBC}") = "012_Data5", "012_Data5\012_Data5.csproj", "{D5472E7E-84AD-486C-83DB-2BD8877C47C5}"
EndProject
Project("{FAE04EC0-301F-11D3-BF4B-00C04F79EFBC}") = "013_Data6", "013_Data6\013_Data6.csproj", "{DBCC1974-8212-4BBB-832E-B319862898F6}"
EndProject
Project("{FAE04EC0-301F-11D3-BF4B-00C04F79EFBC}") = "014_Data7", "014_Data7\014_Data7.csproj", "{19AC3F18-E46E-4166-BDB1-C0CAAE6988BB}"
EndProject
Project("{FAE04EC0-301F-11D3-BF4B-00C04F79EFBC}") = "015_Data8", "015_Data8\015_Data8.csproj", "{E4A914D3-A0EE-4337-94B1-A7161A09D08F}"
EndProject
Project("{FAE04EC0-301F-11D3-BF4B-00C04F79EFBC}") = "016_String", "016_String\016_String.csproj", "{BCA2E139-7977-4493-86EF-8FD9C305D3BD}"
EndProject
Project("{FAE04EC0-301F-11D3-BF4B-00C04F79EFBC}") = "017_Data_bool", "017_Data_bool\017_Data_bool.csproj", "{4984C1BA-9703-4E5D-A208-B82AF9BC298A}"
EndProject
Project("{FAE04EC0-301F-11D3-BF4B-00C04F79EFBC}") = "018_Data_object", "018_Data_object\018_Data_object.csproj", "{F598E29F-C961-4B92-9276-CCA19339B896}"
EndProject
Project("{FAE04EC0-301F-11D3-BF4B-00C04F79EFBC}") = "019_Data_enum", "019_Data_enum\019_Data_enum.csproj", "{02C51121-3995-4582-968D-33C3D3C8BABB}"
EndProject
Project("{FAE04EC0-301F-11D3-BF4B-00C04F79EFBC}") = "020_Data_enum2", "020_Data_enum2\020_Data_enum2.csproj", "{D510ABBF-801C-4EF7-972B-D7BED4D66233}"
EndProject
Project("{FAE04EC0-301F-11D3-BF4B-00C04F79EFBC}") = "021_Data_nullable", "021_Data_nullable\021_Data_nullable.csproj", "{700B1839-7209-4781-AF85-C8088CE4B264}"
EndProject
Project("{FAE04EC0-301F-11D3-BF4B-00C04F79EFBC}") = "022_Data_var", "022_Data_var\022_Data_var.csproj", "{5E972D6E-F3FE-44E1-A004-180FECF689E3}"
EndProject
Project("{FAE04EC0-301F-11D3-BF4B-00C04F79EFBC}") = "023_Data_const", "023_Data_const\023_Data_const.csproj", "{FA6C0ADE-1297-49A6-A5AE-A2C1F722F075}"
EndProject
Project("{FAE04EC0-301F-11D3-BF4B-00C04F79EFBC}") = "024_Data_cast", "024_Data_cast\024_Data_cast.csproj", "{1619A320-E1AA-4C41-A86E-60CBBE3EAC62}"
EndProject
Project("{FAE04EC0-301F-11D3-BF4B-00C04F79EFBC}") = "025_Data_ToString", "025_Data_ToString\025_Data_ToString.csproj", "{AA2B25EF-8F68-435B-8C85-3EFE71097412}"
EndProject
Project("{FAE04EC0-301F-11D3-BF4B-00C04F79EFBC}") = "026_Data_Parse", "026_Data_Parse\026_Data_Parse.csproj", "{751849F6-64BF-4744-A0EB-09ECA7C5C909}"
EndProject
Project("{FAE04EC0-301F-11D3-BF4B-00C04F79EFBC}") = "027_Data_Convert", "027_Data_Convert\027_Data_Convert.csproj", "{EFB3B4DC-D242-41B3-9227-C81ABCF90B2B}"
EndProject
Project("{FAE04EC0-301F-11D3-BF4B-00C04F79EFBC}") = "028_Data_Reference", "028_Data_Reference\028_Data_Reference.csproj", "{0CEDC4F0-A7AE-4673-BE0C-6FA3D3C39435}"
EndProject
Project("{FAE04EC0-301F-11D3-BF4B-00C04F79EFBC}") = "029_Data_boxing", "029_Data_boxing\029_Data_boxing.csproj", "{AB2F03EF-9259-4B69-A154-B7BA0C7A2DFE}"
EndProject
Project("{FAE04EC0-301F-11D3-BF4B-00C04F79EFBC}") = "030_ReadLine", "030_ReadLine\030_ReadLine.csproj", "{BBF34733-85AA-4750-BFF2-E2C1FA4870D1}"
EndProject
Project("{FAE04EC0-301F-11D3-BF4B-00C04F79EFBC}") = "031_ReadLine2", "031_ReadLine2\031_ReadLine2.csproj", "{E861B501-E300-4DD4-B289-C2C4DBBEFC08}"
EndProject
Project("{FAE04EC0-301F-11D3-BF4B-00C04F79EFBC}") = "032_Check", "032_Check\032_Check.csproj", "{16DF0E55-CA74-4031-84F6-7FFCD6992B50}"
EndProject
Project("{FAE04EC0-301F-11D3-BF4B-00C04F79EFBC}") = "033_Check", "033_Check\033_Check.csproj", "{71B20451-439A-4D81-80C9-290B9251A460}"
EndProject
Project("{FAE04EC0-301F-11D3-BF4B-00C04F79EFBC}") = "034_Operator1", "034_Operator1\034_Operator1.csproj", "{F45D4AB1-5F7A-4817-AC3C-16F8E8406805}"
EndProject
Project("{FAE04EC0-301F-11D3-BF4B-00C04F79EFBC}") = "035_Operator2", "035_Operator2\035_Operator2.csproj", "{A4D36260-8957-45F1-922D-8B7601C08B67}"
EndProject
Project("{FAE04EC0-301F-11D3-BF4B-00C04F79EFBC}") = "036_Operator3", "036_Operator3\036_Operator3.csproj", "{8A02AB64-1420-40CE-B632-C2CB163E3343}"
EndProject
Project("{FAE04EC0-301F-11D3-BF4B-00C04F79EFBC}") = "036_01_Operator3", "036_01_Operator3\036_01_Operator3.csproj", "{20FD72B3-799E-40F4-9E20-A7AAB56EC487}"
EndProject
Project("{FAE04EC0-301F-11D3-BF4B-00C04F79EFBC}") = "037_Operation4", "037_Operation4\037_Operation4.csproj", "{51AD0FB2-557A-4F76-8C61-0A8C8AE2FFC3}"
EndProject
Project("{FAE04EC0-301F-11D3-BF4B-00C04F79EFBC}") = "038_Operator5", "038_Operator5\038_Operator5.csproj", "{E8878DCB-5CB2-4277-91F6-8DFD866CD71D}"
EndProject
Project("{FAE04EC0-301F-11D3-BF4B-00C04F79EFBC}") = "039_Operator6", "039_Operator6\039_Operator6.csproj", "{E20429F7-DC4C-4C42-9725-75BF164C5E92}"
EndProject
Project("{FAE04EC0-301F-11D3-BF4B-00C04F79EFBC}") = "040_Operator_bit", "040_Operator_bit\040_Operator_bit.csproj", "{E81B5456-CDC1-450E-8AD6-1EBE52E3C0E4}"
EndProject
Project("{FAE04EC0-301F-11D3-BF4B-00C04F79EFBC}") = "041_Operator_null", "041_Operator_null\041_Operator_null.csproj", "{21398DCF-AB2D-41DB-A122-13D370D5932B}"
EndProject
Project("{FAE04EC0-301F-11D3-BF4B-00C04F79EFBC}") = "042_Operator_Branch", "042_Operator_Branch\042_Operator_Branch.csproj", "{5CEA5416-4A29-4B0D-BEFF-5D14DBE50570}"
EndProject
Project("{FAE04EC0-301F-11D3-BF4B-00C04F79EFBC}") = "043_Operator_Branch2", "043_Operator_Branch2\043_Operator_Branch2.csproj", "{2AE014A0-FDB5-4414-A4CD-3CE73F2B5F50}"
EndProject
Project("{FAE04EC0-301F-11D3-BF4B-00C04F79EFBC}") = "044_Operator_Branch3", "044_Operator_Branch3\044_Operator_Branch3.csproj", "{6DCCC661-A007-4A30-80FC-9828C354112D}"
EndProject
Project("{FAE04EC0-301F-11D3-BF4B-00C04F79EFBC}") = "045_Operator_switch", "045_Operator_switch\045_Operator_switch.csproj", "{08529CBC-0672-4223-92B4-2FCC61AEA800}"
EndProject
Project("{FAE04EC0-301F-11D3-BF4B-00C04F79EFBC}") = "046_Operator_switch", "046_Operator_switch\046_Operator_switch.csproj", "{9C4FEDC9-CA36-4861-BA35-F7384A63D9E5}"
EndProject
Project("{FAE04EC0-301F-11D3-BF4B-00C04F79EFBC}") = "047_Operator_while", "047_Operator_while\047_Operator_while.csproj", "{A56A23DC-68DE-4D0B-AE19-3398582B941C}"
EndProject
Project("{FAE04EC0-301F-11D3-BF4B-00C04F79EFBC}") = "048_Operator_do~while", "048_Operator_do~while\048_Operator_do~while.csproj", "{EC610ECB-0FFA-4ED8-8CBF-24822C016769}"
EndProject
Project("{FAE04EC0-301F-11D3-BF4B-00C04F79EFBC}") = "049_Operator_for", "049_Operator_for\049_Operator_for.csproj", "{2A6514C8-35DA-414C-90B3-BD2C2069D06C}"
EndProject
Project("{FAE04EC0-301F-11D3-BF4B-00C04F79EFBC}") = "050_Operator_for_for", "050_Operator_for_for\050_Operator_for_for.csproj", "{60EFBC55-B3F5-4FFE-8995-FBF3817900F7}"
EndProject
Project("{FAE04EC0-301F-11D3-BF4B-00C04F79EFBC}") = "051_Operator_while(true)", "051_Operator_while(true)\051_Operator_while(true).csproj", "{C97402CE-F103-4AB2-80CA-F57ED71D3E5E}"
EndProject
Project("{FAE04EC0-301F-11D3-BF4B-00C04F79EFBC}") = "052_Operator_break", "052_Operator_break\052_Operator_break.csproj", "{83D502C1-5501-4A43-8E7B-5E884EBE7CD4}"
EndProject
Project("{FAE04EC0-301F-11D3-BF4B-00C04F79EFBC}") = "053_Operator_continue", "053_Operator_continue\053_Operator_continue.csproj", "{014792FA-6815-46B4-B129-7ACDD4C9517A}"
EndProject
Project("{FAE04EC0-301F-11D3-BF4B-00C04F79EFBC}") = "054_Operator_goto", "054_Operator_goto\054_Operator_goto.csproj", "{FE515544-C7D7-48D7-9744-D1D47C6957E5}"
EndProject
Project("{FAE04EC0-301F-11D3-BF4B-00C04F79EFBC}") = "055_Check", "055_Check\055_Check.csproj", "{ED4C9384-E7B3-4580-B316-78DA9E99A8F0}"
EndProject
Project("{FAE04EC0-301F-11D3-BF4B-00C04F79EFBC}") = "056_Check", "056_Check\056_Check.csproj", "{03A3D2AC-EBC7-46B5-9EC5-59D207CFE834}"
EndProject
Project("{FAE04EC0-301F-11D3-BF4B-00C04F79EFBC}") = "057_Check", "057_Check\057_Check.csproj", "{E67DBF1F-3E08-45DA-A714-8A63A54222E9}"
EndProject
Project("{FAE04EC0-301F-11D3-BF4B-00C04F79EFBC}") = "Checkpoint01", "Checkpoint01\Checkpoint01.csproj", "{738B25C6-0B63-4025-87FB-3AC6C0212C50}"
EndProject
Project("{FAE04EC0-301F-11D3-BF4B-00C04F79EFBC}") = "058_Func1", "058_Func1\058_Func1.csproj", "{9E9F0633-E91F-4712-BB9A-8724E6BD004A}"
EndProject
Project("{FAE04EC0-301F-11D3-BF4B-00C04F79EFBC}") = "059_Func2", "059_Func2\059_Func2.csproj", "{990D35FB-809E-491F-AB2C-3084F2BF34FC}"
EndProject
Project("{FAE04EC0-301F-11D3-BF4B-00C04F79EFBC}") = "060_Func3", "060_Func3\060_Func3.csproj", "{CE869521-8C7D-4EF3-88AA-9C4AC8A662E9}"
EndProject
Project("{FAE04EC0-301F-11D3-BF4B-00C04F79EFBC}") = "061_Func4", "061_Func4\061_Func4.csproj", "{2025E143-DFF2-4B39-B12F-B6575916F220}"
EndProject
Project("{FAE04EC0-301F-11D3-BF4B-00C04F79EFBC}") = "062_FuncSwap", "062_FuncSwap\062_FuncSwap.csproj", "{45368B5D-DA94-4531-B810-02DAE84EFA54}"
EndProject
Project("{FAE04EC0-301F-11D3-BF4B-00C04F79EFBC}") = "063_Func_out", "063_Func_out\063_Func_out.csproj", "{3B669991-A73E-45DB-ACF1-27A5580295D3}"
EndProject
Project("{FAE04EC0-301F-11D3-BF4B-00C04F79EFBC}") = "064_Func_default", "064_Func_default\064_Func_default.csproj", "{9D904CAF-22C6-464A-99A3-5DA1B80E1577}"
EndProject
Project("{FAE04EC0-301F-11D3-BF4B-00C04F79EFBC}") = "065_Func_Overloading", "065_Func_Overloading\065_Func_Overloading.csproj", "{37BA3E3B-1FB8-4B7D-8E2D-D16C4B2C01B7}"
EndProject
Project("{FAE04EC0-301F-11D3-BF4B-00C04F79EFBC}") = "066_Func_params", "066_Func_params\066_Func_params.csproj", "{69C42F6A-A032-46CF-A4C9-E298ECE78A4F}"
EndProject
Project("{FAE04EC0-301F-11D3-BF4B-00C04F79EFBC}") = "067_Check", "067_Check\067_Check.csproj", "{36FF6FDC-EA32-4FBC-9B28-B7BBC8F50B85}"
EndProject
Project("{FAE04EC0-301F-11D3-BF4B-00C04F79EFBC}") = "CheckPoint02", "CheckPoint02\CheckPoint02.csproj", "{83D020B0-F88A-4B53-ABEA-4780D781B5BB}"
EndProject
Project("{FAE04EC0-301F-11D3-BF4B-00C04F79EFBC}") = "068_Array_Init", "068_Array_Init\068_Array_Init.csproj", "{795EC1CC-6941-4CD2-B24F-2BE3755A1733}"
EndProject
Project("{FAE04EC0-301F-11D3-BF4B-00C04F79EFBC}") = "068_1_Array_Init2", "068_1_Array_Init2\068_1_Array_Init2.csproj", "{725F82D0-B951-4E5E-A0D0-5115F8B23CFC}"
EndProject
Project("{FAE04EC0-301F-11D3-BF4B-00C04F79EFBC}") = "069_Array_Multi", "069_Array_Multi\069_Array_Multi.csproj", "{8A5C4049-13DD-4B3A-8A91-7FC07E26DE45}"
EndProject
Project("{FAE04EC0-301F-11D3-BF4B-00C04F79EFBC}") = "070_Array_Multi2", "070_Array_Multi2\070_Array_Multi2.csproj", "{EFEA9F44-7E32-432C-B8CF-EB1BB5AFD98B}"
EndProject
Project("{FAE04EC0-301F-11D3-BF4B-00C04F79EFBC}") = "071_Array_Flex", "071_Array_Flex\071_Array_Flex.csproj", "{C5EE4511-2B4E-4A61-9A5F-183FA3D994BA}"
EndProject
Project("{FAE04EC0-301F-11D3-BF4B-00C04F79EFBC}") = "072_Array_Func1", "072_Array_Func1\072_Array_Func1.csproj", "{C1C0DBEA-A2AE-4265-BFF4-ABCBB6CD9306}"
EndProject
Project("{FAE04EC0-301F-11D3-BF4B-00C04F79EFBC}") = "073_Array_Func2", "073_Array_Func2\073_Array_Func2.csproj", "{464A5876-02C4-435A-BD9D-EC961B556D4E}"
EndProject
Project("{FAE04EC0-301F-11D3-BF4B-00C04F79EFBC}") = "074_Array_Clear", "074_Array_Clear\074_Array_Clear.csproj", "{6F7716EB-9D5A-4AC6-B22C-135B7F312B29}"
EndProject
Project("{FAE04EC0-301F-11D3-BF4B-00C04F79EFBC}") = "075_Check", "075_Check\075_Check.csproj", "{BA6B6363-1671-425E-8609-00802572EF1B}"
EndProject
Project("{FAE04EC0-301F-11D3-BF4B-00C04F79EFBC}") = "076_Check", "076_Check\076_Check.csproj", "{5636D718-3DEC-4C98-834B-3976998B8E70}"
EndProject
Project("{FAE04EC0-301F-11D3-BF4B-00C04F79EFBC}") = "Checkpoint03", "Checkpoint03\Checkpoint03.csproj", "{D9B17281-C327-4E2C-994F-CE5D6F499CE7}"
EndProject
Project("{FAE04EC0-301F-11D3-BF4B-00C04F79EFBC}") = "077_class", "077_class\077_class.csproj", "{9B4264C2-02F9-4F9A-AA33-DE5B71090C25}"
EndProject
Project("{FAE04EC0-301F-11D3-BF4B-00C04F79EFBC}") = "078_Constructor", "078_Constructor\078_Constructor.csproj", "{9BA4049E-3D63-485E-BC02-2BD1B90C4B2D}"
EndProject
Project("{FAE04EC0-301F-11D3-BF4B-00C04F79EFBC}") = "079_this", "079_this\079_this.csproj", "{FA5B4979-A61C-48F4-995A-DF579EF32C7F}"
EndProject
Project("{FAE04EC0-301F-11D3-BF4B-00C04F79EFBC}") = "080_static", "080_static\080_static.csproj", "{25792CBB-05FB-4F65-A994-F6CD30570841}"
EndProject
Project("{FAE04EC0-301F-11D3-BF4B-00C04F79EFBC}") = "081_class_parameter", "081_class_parameter\081_class_parameter.csproj", "{442D8D7C-CD32-412A-A9C2-B549411A4EC1}"
EndProject
Project("{FAE04EC0-301F-11D3-BF4B-00C04F79EFBC}") = "081_01_classInheritance", "081_01_classInheritance\081_01_classInheritance.csproj", "{9E098D4F-56B4-4374-BAD4-3F2FAAF5D3E9}"
EndProject
Project("{FAE04EC0-301F-11D3-BF4B-00C04F79EFBC}") = "081_02_classInheritance", "081_02_classInheritance\081_02_classInheritance.csproj", "{E6E2B8DF-1BFE-49C5-B926-8084186F667D}"
EndProject
Project("{FAE04EC0-301F-11D3-BF4B-00C04F79EFBC}") = "081_03_class_base", "081_03_class_base\081_03_class_base.csproj", "{C36A212D-C8C0-415D-8CE0-A3A760E93933}"
EndProject
Project("{FAE04EC0-301F-11D3-BF4B-00C04F79EFBC}") = "082_as", "082_as\082_as.csproj", "{71A8CFA2-004B-4D21-9C62-3F2813611352}"
EndProject
Project("{FAE04EC0-301F-11D3-BF4B-00C04F79EFBC}") = "083_override", "083_override\083_override.csproj", "{A6FE8F50-6EBC-449E-99AD-08FC40E2E525}"
EndProject
Project("{FAE04EC0-301F-11D3-BF4B-00C04F79EFBC}") = "084_override2", "084_override2\084_override2.csproj", "{20F3BAEF-5E3B-4366-B54D-7B0AC1D37980}"
EndProject
Project("{FAE04EC0-301F-11D3-BF4B-00C04F79EFBC}") = "085_class_has_a", "085_class_has_a\085_class_has_a.csproj", "{F5CBE0A8-8166-42F3-866E-CAF3BCB58198}"
EndProject
Project("{FAE04EC0-301F-11D3-BF4B-00C04F79EFBC}") = "086_partial", "086_partial\086_partial.csproj", "{281FB3E5-C10F-4BB3-98B8-8987F1E00E82}"
EndProject
Project("{FAE04EC0-301F-11D3-BF4B-00C04F79EFBC}") = "087_extension", "087_extension\087_extension.csproj", "{EA703B2C-A1D4-4908-A748-9A8B37BB01C0}"
EndProject
Project("{FAE04EC0-301F-11D3-BF4B-00C04F79EFBC}") = "088_struct", "088_struct\088_struct.csproj", "{34F40810-3B55-4F11-867A-D1A0D72B2E73}"
EndProject
Project("{FAE04EC0-301F-11D3-BF4B-00C04F79EFBC}") = "089_interface", "089_interface\089_interface.csproj", "{8B2D25BB-E1F7-459A-A6E2-3B338B1532F7}"
EndProject
Project("{FAE04EC0-301F-11D3-BF4B-00C04F79EFBC}") = "090_abstract", "090_abstract\090_abstract.csproj", "{AA944CEB-508B-4FDB-9223-2F106D29FDB8}"
EndProject
Project("{FAE04EC0-301F-11D3-BF4B-00C04F79EFBC}") = "091_Property01", "091_Property01\091_Property01.csproj", "{6E268E95-DCF0-4392-8AA5-AA301C64225E}"
EndProject
Project("{FAE04EC0-301F-11D3-BF4B-00C04F79EFBC}") = "092_Property", "092_Property\092_Property.csproj", "{D8CFAD98-188E-4862-BA19-B8E314F11EA4}"
EndProject
Project("{FAE04EC0-301F-11D3-BF4B-00C04F79EFBC}") = "093_Check", "093_Check\093_Check.csproj", "{8053DF28-312D-4654-88E9-07214E4FD162}"
EndProject
Project("{FAE04EC0-301F-11D3-BF4B-00C04F79EFBC}") = "094_Check", "094_Check\094_Check.csproj", "{EC3603ED-D07C-4376-BFE8-B77DF29CAE00}"
EndProject
Project("{FAE04EC0-301F-11D3-BF4B-00C04F79EFBC}") = "CheckPoint04", "CheckPoint04\CheckPoint04.csproj", "{33402531-0255-480E-BBA8-52E1CCFA6558}"
EndProject
Project("{FAE04EC0-301F-11D3-BF4B-00C04F79EFBC}") = "095_ArrayList", "095_ArrayList\095_ArrayList.csproj", "{9677DA0B-6636-4330-90B9-DE65A193B961}"
EndProject
Project("{FAE04EC0-301F-11D3-BF4B-00C04F79EFBC}") = "096_Queue", "096_Queue\096_Queue.csproj", "{256BCDB9-C413-4FAD-B258-2403E5FC45CF}"
EndProject
Project("{FAE04EC0-301F-11D3-BF4B-00C04F79EFBC}") = "097_Stack", "097_Stack\097_Stack.csproj", "{0D053EAF-5808-47EC-8373-D3ADAD1CB474}"
EndProject
Project("{FAE04EC0-301F-11D3-BF4B-00C04F79EFBC}") = "098_Hashtable", "098_Hashtable\098_Hashtable.csproj", "{8840C1DD-9DAF-4CB4-80A5-26FED0241163}"
EndProject
Project("{FAE04EC0-301F-11D3-BF4B-00C04F79EFBC}") = "099_Indexer01", "099_Indexer01\099_Indexer01.csproj", "{F2E745C6-DABD-4455-BED4-8F3DFD3A71C7}"
EndProject
Project("{FAE04EC0-301F-11D3-BF4B-00C04F79EFBC}") = "100_Indexer02", "100_Indexer02\100_Indexer02.csproj", "{348C0D31-A776-48C8-95C4-C26427E5967D}"
EndProject
Project("{FAE04EC0-301F-11D3-BF4B-00C04F79EFBC}") = "101_Check", "101_Check\101_Check.csproj", "{29BEFD22-ADA4-4370-9957-D63F972BCBB8}"
EndProject
Project("{FAE04EC0-301F-11D3-BF4B-00C04F79EFBC}") = "102_Check", "102_Check\102_Check.csproj", "{12AA17B4-5555-4E55-8A69-094EF805B2B3}"
EndProject
Project("{FAE04EC0-301F-11D3-BF4B-00C04F79EFBC}") = "103_GenericFunc", "103_GenericFunc\103_GenericFunc.csproj", "{29FB326D-437D-45C6-88BD-AE01F1ABE0DE}"
EndProject
Project("{FAE04EC0-301F-11D3-BF4B-00C04F79EFBC}") = "104_GenericClass", "104_GenericClass\104_GenericClass.csproj", "{296E65DA-8323-49C7-9353-90B14B288B71}"
EndProject
Project("{FAE04EC0-301F-11D3-BF4B-00C04F79EFBC}") = "105_dynamic", "105_dynamic\105_dynamic.csproj", "{F052A3D6-ADE0-45CF-9196-6510FD9FDA40}"
EndProject
Project("{FAE04EC0-301F-11D3-BF4B-00C04F79EFBC}") = "106_where", "106_where\106_where.csproj", "{F2974078-FC8F-4E95-B589-681C602E845E}"
EndProject
Project("{FAE04EC0-301F-11D3-BF4B-00C04F79EFBC}") = "107_List", "107_List\107_List.csproj", "{FA79165D-B0BD-4BA5-BA12-5DF274A7B2A2}"
EndProject
Project("{FAE04EC0-301F-11D3-BF4B-00C04F79EFBC}") = "108_Queue", "108_Queue\108_Queue.csproj", "{812916A6-5B5C-4836-B7DF-333D80A04970}"
EndProject
Project("{FAE04EC0-301F-11D3-BF4B-00C04F79EFBC}") = "109_Stack", "109_Stack\109_Stack.csproj", "{83F282F1-4049-4162-BE78-A916BA15A4C6}"
EndProject
Project("{FAE04EC0-301F-11D3-BF4B-00C04F79EFBC}") = "110_Dictionary", "110_Dictionary\110_Dictionary.csproj", "{4114D4C0-453B-46BF-A18B-18A6846D5A75}"
EndProject
Project("{FAE04EC0-301F-11D3-BF4B-00C04F79EFBC}") = "111_try_catch", "111_try_catch\111_try_catch.csproj", "{7DF79AD4-D92C-472B-BDFF-C0ED6BFB5C29}"
EndProject
Project("{FAE04EC0-301F-11D3-BF4B-00C04F79EFBC}") = "112_Exception", "112_Exception\112_Exception.csproj", "{F77ECFF2-5BC4-4739-9652-5E76D90F9D8D}"
EndProject
Project("{FAE04EC0-301F-11D3-BF4B-00C04F79EFBC}") = "113_throw", "113_throw\113_throw.csproj", "{C3434150-1F4C-40B7-B9B0-A9E38E739D7C}"
EndProject
Project("{FAE04EC0-301F-11D3-BF4B-00C04F79EFBC}") = "114_finally", "114_finally\114_finally.csproj", "{3B3CEEBA-7A87-40FE-806D-4577643922DA}"
EndProject
Project("{FAE04EC0-301F-11D3-BF4B-00C04F79EFBC}") = "115_CustomException", "115_CustomException\115_CustomException.csproj", "{1CE1EAD1-30CF-4966-963E-9C84B0A321D1}"
EndProject
Project("{FAE04EC0-301F-11D3-BF4B-00C04F79EFBC}") = "116_delagate", "116_delagate\116_delagate.csproj", "{FF2E20E6-F18C-499E-8D0F-89BFB34098DA}"
EndProject
Project("{FAE04EC0-301F-11D3-BF4B-00C04F79EFBC}") = "117_delegateDeclare", "117_delegateDeclare\117_delegateDeclare.csproj", "{9FC5A3A5-0F37-4F67-9966-CB9D79CA4CB2}"
EndProject
Project("{FAE04EC0-301F-11D3-BF4B-00C04F79EFBC}") = "118_delegateParam", "118_delegateParam\118_delegateParam.csproj", "{34FF8BA0-1F23-45AA-998E-5A388EBA4FDC}"
EndProject
Project("{FAE04EC0-301F-11D3-BF4B-00C04F79EFBC}") = "119_event", "119_event\119_event.csproj", "{3F5677A8-BF7F-4D92-964E-5BBDD9CF8DA6}"
EndProject
Project("{FAE04EC0-301F-11D3-BF4B-00C04F79EFBC}") = "120_Ramdba", "120_Ramdba\120_Ramdba.csproj", "{9C49BAFC-210C-47F8-9CCC-BDDA2A475EBC}"
EndProject
Project("{FAE04EC0-301F-11D3-BF4B-00C04F79EFBC}") = "121_ListRamdba", "121_ListRamdba\121_ListRamdba.csproj", "{80B919E3-FCEB-4E86-A1DC-7C8B150AD4E3}"
EndProject
Project("{FAE04EC0-301F-11D3-BF4B-00C04F79EFBC}") = "122_FuncRamdba", "122_FuncRamdba\122_FuncRamdba.csproj", "{184ADF57-3829-446D-AD8D-6597556EBA64}"
EndProject
Project("{FAE04EC0-301F-11D3-BF4B-00C04F79EFBC}") = "123_Action", "123_Action\123_Action.csproj", "{C8D96D32-05C7-4A3C-BDDF-3AF23FFC0CD1}"
EndProject
Project("{FAE04EC0-301F-11D3-BF4B-00C04F79EFBC}") = "124_Func", "124_Func\124_Func.csproj", "{9C277A3A-CE53-44C8-8B24-B9601BB81903}"
EndProject
Project("{FAE04EC0-301F-11D3-BF4B-00C04F79EFBC}") = "125_LINQ", "125_LINQ\125_LINQ.csproj", "{56A08AC8-D807-4F7A-AEC6-FAFAD1C09B19}"
EndProject
Project("{FAE04EC0-301F-11D3-BF4B-00C04F79EFBC}") = "126_select", "126_select\126_select.csproj", "{409A8E1B-F6CC-4FA1-8F85-AC402731DD68}"
EndProject
Project("{FAE04EC0-301F-11D3-BF4B-00C04F79EFBC}") = "127_orderby", "127_orderby\127_orderby.csproj", "{484B0668-F34F-41A2-A921-6D1A6A74A659}"
EndProject
Project("{FAE04EC0-301F-11D3-BF4B-00C04F79EFBC}") = "128_group", "128_group\128_group.csproj", "{2EC017A3-A2A4-4D16-A1A9-0F826A8BDBA8}"
EndProject
Project("{FAE04EC0-301F-11D3-BF4B-00C04F79EFBC}") = "129_group2", "129_group\129_group2.csproj", "{31DD87E9-2EDC-4D72-9A98-F41A5DF82A6E}"
EndProject
Project("{FAE04EC0-301F-11D3-BF4B-00C04F79EFBC}") = "130_join", "130_join\130_join.csproj", "{F20E6AD0-779D-437E-B983-4D43FCC22DC6}"
EndProject
Project("{FAE04EC0-301F-11D3-BF4B-00C04F79EFBC}") = "131_join2", "131_join2\131_join2.csproj", "{4B195073-ACC2-4798-88EC-7EB3C211124D}"
EndProject
Project("{FAE04EC0-301F-11D3-BF4B-00C04F79EFBC}") = "CheckPoint05", "CheckPoint05\CheckPoint05.csproj", "{3A3E306A-4228-49CB-8335-8D6FEE917EB1}"
EndProject
Project("{FAE04EC0-301F-11D3-BF4B-00C04F79EFBC}") = "132_File01", "132_File01\132_File01.csproj", "{7FCD9C81-D6FB-4373-AD76-2AD0339F96FF}"
EndProject
Project("{FAE04EC0-301F-11D3-BF4B-00C04F79EFBC}") = "133_File_BitConverter", "133_File_BitConverter\133_File_BitConverter.csproj", "{3091C4D4-7573-48A2-AA2F-38F381189BB1}"
EndProject
Project("{FAE04EC0-301F-11D3-BF4B-00C04F79EFBC}") = "134_File_StreamWriterReader", "134_File_StreamWriterReader\134_File_StreamWriterReader.csproj", "{7E78E9EA-82C8-4ABA-A2BC-770DCD8DBE10}"
EndProject
Project("{FAE04EC0-301F-11D3-BF4B-00C04F79EFBC}") = "135_File_BinaryFormatter", "135_File_BinaryFormatter\135_File_BinaryFormatter.csproj", "{11FA185A-A42F-4911-BEB6-39DE06C42F02}"
EndProject
Project("{FAE04EC0-301F-11D3-BF4B-00C04F79EFBC}") = "136_File_BinaryFormatter02", "136_File_BinaryFormatter02\136_File_BinaryFormatter02.csproj", "{1A18B44A-4CB2-4A8A-95E7-9D742FE52A6E}"
EndProject
Project("{FAE04EC0-301F-11D3-BF4B-00C04F79EFBC}") = "137_File_Binary", "137_File_Binary\137_File_Binary.csproj", "{F52AF4EF-DC71-4BD0-98CE-24221AEDFA9E}"
EndProject
Project("{FAE04EC0-301F-11D3-BF4B-00C04F79EFBC}") = "138_File_CSV", "138_File_CSV\138_File_CSV.csproj", "{DCC6A791-38F5-4B75-93C4-16A54C081AF6}"
EndProject
Project("{FAE04EC0-301F-11D3-BF4B-00C04F79EFBC}") = "139_Thread01", "139_Thread01\139_Thread01.csproj", "{059C0FF9-EBE2-451C-BEA5-0F5479F61953}"
EndProject
Project("{FAE04EC0-301F-11D3-BF4B-00C04F79EFBC}") = "140_Thread_Abort_Join", "140_Thread_Abort_Join\140_Thread_Abort_Join.csproj", "{ECB163A9-6479-4265-B346-D3E05D274074}"
EndProject
Project("{FAE04EC0-301F-11D3-BF4B-00C04F79EFBC}") = "141_Thread_Synchronization", "141_Thread_Synchronization\141_Thread_Synchronization.csproj", "{94E39402-173B-4834-8424-73CA029A2A1E}"
EndProject
Project("{FAE04EC0-301F-11D3-BF4B-00C04F79EFBC}") = "142_Tasks", "142_Tasks\142_Tasks.csproj", "{88535128-43E2-4602-B2B1-1517A32C86F0}"
EndProject
Global
	GlobalSection(SolutionConfigurationPlatforms) = preSolution
		Debug|Any CPU = Debug|Any CPU
		Release|Any CPU = Release|Any CPU
	EndGlobalSection
	GlobalSection(ProjectConfigurationPlatforms) = postSolution
		{62FC9EC4-6605-4E30-B3DA-A64D0AA3412D}.Debug|Any CPU.ActiveCfg = Debug|Any CPU
		{62FC9EC4-6605-4E30-B3DA-A64D0AA3412D}.Debug|Any CPU.Build.0 = Debug|Any CPU
		{62FC9EC4-6605-4E30-B3DA-A64D0AA3412D}.Release|Any CPU.ActiveCfg = Release|Any CPU
		{62FC9EC4-6605-4E30-B3DA-A64D0AA3412D}.Release|Any CPU.Build.0 = Release|Any CPU
		{00C499DF-1019-40DD-93E2-A1CD10BD2107}.Debug|Any CPU.ActiveCfg = Debug|Any CPU
		{00C499DF-1019-40DD-93E2-A1CD10BD2107}.Debug|Any CPU.Build.0 = Debug|Any CPU
		{00C499DF-1019-40DD-93E2-A1CD10BD2107}.Release|Any CPU.ActiveCfg = Release|Any CPU
		{00C499DF-1019-40DD-93E2-A1CD10BD2107}.Release|Any CPU.Build.0 = Release|Any CPU
		{C0D8B926-8969-4896-8F5D-7E7BEB129763}.Debug|Any CPU.ActiveCfg = Debug|Any CPU
		{C0D8B926-8969-4896-8F5D-7E7BEB129763}.Debug|Any CPU.Build.0 = Debug|Any CPU
		{C0D8B926-8969-4896-8F5D-7E7BEB129763}.Release|Any CPU.ActiveCfg = Release|Any CPU
		{C0D8B926-8969-4896-8F5D-7E7BEB129763}.Release|Any CPU.Build.0 = Release|Any CPU
		{9A82AC06-C863-4BE9-8A10-7875C742AC84}.Debug|Any CPU.ActiveCfg = Debug|Any CPU
		{9A82AC06-C863-4BE9-8A10-7875C742AC84}.Debug|Any CPU.Build.0 = Debug|Any CPU
		{9A82AC06-C863-4BE9-8A10-7875C742AC84}.Release|Any CPU.ActiveCfg = Release|Any CPU
		{9A82AC06-C863-4BE9-8A10-7875C742AC84}.Release|Any CPU.Build.0 = Release|Any CPU
		{EAC07E7B-600B-4898-B6F0-88EDFFD2E9C7}.Debug|Any CPU.ActiveCfg = Debug|Any CPU
		{EAC07E7B-600B-4898-B6F0-88EDFFD2E9C7}.Debug|Any CPU.Build.0 = Debug|Any CPU
		{EAC07E7B-600B-4898-B6F0-88EDFFD2E9C7}.Release|Any CPU.ActiveCfg = Release|Any CPU
		{EAC07E7B-600B-4898-B6F0-88EDFFD2E9C7}.Release|Any CPU.Build.0 = Release|Any CPU
		{C2F99C32-7D55-4B95-8D0E-02CB15D54705}.Debug|Any CPU.ActiveCfg = Debug|Any CPU
		{C2F99C32-7D55-4B95-8D0E-02CB15D54705}.Debug|Any CPU.Build.0 = Debug|Any CPU
		{C2F99C32-7D55-4B95-8D0E-02CB15D54705}.Release|Any CPU.ActiveCfg = Release|Any CPU
		{C2F99C32-7D55-4B95-8D0E-02CB15D54705}.Release|Any CPU.Build.0 = Release|Any CPU
		{531081EF-2FEE-44DB-A25F-CE48145EEE0B}.Debug|Any CPU.ActiveCfg = Debug|Any CPU
		{531081EF-2FEE-44DB-A25F-CE48145EEE0B}.Debug|Any CPU.Build.0 = Debug|Any CPU
		{531081EF-2FEE-44DB-A25F-CE48145EEE0B}.Release|Any CPU.ActiveCfg = Release|Any CPU
		{531081EF-2FEE-44DB-A25F-CE48145EEE0B}.Release|Any CPU.Build.0 = Release|Any CPU
		{7D77747E-FB50-4F57-8B2C-4B46653FD7F1}.Debug|Any CPU.ActiveCfg = Debug|Any CPU
		{7D77747E-FB50-4F57-8B2C-4B46653FD7F1}.Debug|Any CPU.Build.0 = Debug|Any CPU
		{7D77747E-FB50-4F57-8B2C-4B46653FD7F1}.Release|Any CPU.ActiveCfg = Release|Any CPU
		{7D77747E-FB50-4F57-8B2C-4B46653FD7F1}.Release|Any CPU.Build.0 = Release|Any CPU
		{B17DFA10-0BC8-4567-98CD-2D51B3B40C8C}.Debug|Any CPU.ActiveCfg = Debug|Any CPU
		{B17DFA10-0BC8-4567-98CD-2D51B3B40C8C}.Debug|Any CPU.Build.0 = Debug|Any CPU
		{B17DFA10-0BC8-4567-98CD-2D51B3B40C8C}.Release|Any CPU.ActiveCfg = Release|Any CPU
		{B17DFA10-0BC8-4567-98CD-2D51B3B40C8C}.Release|Any CPU.Build.0 = Release|Any CPU
		{AF1F5DFB-7C44-4737-8409-2E6A91B32FE1}.Debug|Any CPU.ActiveCfg = Debug|Any CPU
		{AF1F5DFB-7C44-4737-8409-2E6A91B32FE1}.Debug|Any CPU.Build.0 = Debug|Any CPU
		{AF1F5DFB-7C44-4737-8409-2E6A91B32FE1}.Release|Any CPU.ActiveCfg = Release|Any CPU
		{AF1F5DFB-7C44-4737-8409-2E6A91B32FE1}.Release|Any CPU.Build.0 = Release|Any CPU
		{8ADAC335-1CE5-4731-A0EC-143A587B1B31}.Debug|Any CPU.ActiveCfg = Debug|Any CPU
		{8ADAC335-1CE5-4731-A0EC-143A587B1B31}.Debug|Any CPU.Build.0 = Debug|Any CPU
		{8ADAC335-1CE5-4731-A0EC-143A587B1B31}.Release|Any CPU.ActiveCfg = Release|Any CPU
		{8ADAC335-1CE5-4731-A0EC-143A587B1B31}.Release|Any CPU.Build.0 = Release|Any CPU
		{D5472E7E-84AD-486C-83DB-2BD8877C47C5}.Debug|Any CPU.ActiveCfg = Debug|Any CPU
		{D5472E7E-84AD-486C-83DB-2BD8877C47C5}.Debug|Any CPU.Build.0 = Debug|Any CPU
		{D5472E7E-84AD-486C-83DB-2BD8877C47C5}.Release|Any CPU.ActiveCfg = Release|Any CPU
		{D5472E7E-84AD-486C-83DB-2BD8877C47C5}.Release|Any CPU.Build.0 = Release|Any CPU
		{DBCC1974-8212-4BBB-832E-B319862898F6}.Debug|Any CPU.ActiveCfg = Debug|Any CPU
		{DBCC1974-8212-4BBB-832E-B319862898F6}.Debug|Any CPU.Build.0 = Debug|Any CPU
		{DBCC1974-8212-4BBB-832E-B319862898F6}.Release|Any CPU.ActiveCfg = Release|Any CPU
		{DBCC1974-8212-4BBB-832E-B319862898F6}.Release|Any CPU.Build.0 = Release|Any CPU
		{19AC3F18-E46E-4166-BDB1-C0CAAE6988BB}.Debug|Any CPU.ActiveCfg = Debug|Any CPU
		{19AC3F18-E46E-4166-BDB1-C0CAAE6988BB}.Debug|Any CPU.Build.0 = Debug|Any CPU
		{19AC3F18-E46E-4166-BDB1-C0CAAE6988BB}.Release|Any CPU.ActiveCfg = Release|Any CPU
		{19AC3F18-E46E-4166-BDB1-C0CAAE6988BB}.Release|Any CPU.Build.0 = Release|Any CPU
		{E4A914D3-A0EE-4337-94B1-A7161A09D08F}.Debug|Any CPU.ActiveCfg = Debug|Any CPU
		{E4A914D3-A0EE-4337-94B1-A7161A09D08F}.Debug|Any CPU.Build.0 = Debug|Any CPU
		{E4A914D3-A0EE-4337-94B1-A7161A09D08F}.Release|Any CPU.ActiveCfg = Release|Any CPU
		{E4A914D3-A0EE-4337-94B1-A7161A09D08F}.Release|Any CPU.Build.0 = Release|Any CPU
		{BCA2E139-7977-4493-86EF-8FD9C305D3BD}.Debug|Any CPU.ActiveCfg = Debug|Any CPU
		{BCA2E139-7977-4493-86EF-8FD9C305D3BD}.Debug|Any CPU.Build.0 = Debug|Any CPU
		{BCA2E139-7977-4493-86EF-8FD9C305D3BD}.Release|Any CPU.ActiveCfg = Release|Any CPU
		{BCA2E139-7977-4493-86EF-8FD9C305D3BD}.Release|Any CPU.Build.0 = Release|Any CPU
		{4984C1BA-9703-4E5D-A208-B82AF9BC298A}.Debug|Any CPU.ActiveCfg = Debug|Any CPU
		{4984C1BA-9703-4E5D-A208-B82AF9BC298A}.Debug|Any CPU.Build.0 = Debug|Any CPU
		{4984C1BA-9703-4E5D-A208-B82AF9BC298A}.Release|Any CPU.ActiveCfg = Release|Any CPU
		{4984C1BA-9703-4E5D-A208-B82AF9BC298A}.Release|Any CPU.Build.0 = Release|Any CPU
		{F598E29F-C961-4B92-9276-CCA19339B896}.Debug|Any CPU.ActiveCfg = Debug|Any CPU
		{F598E29F-C961-4B92-9276-CCA19339B896}.Debug|Any CPU.Build.0 = Debug|Any CPU
		{F598E29F-C961-4B92-9276-CCA19339B896}.Release|Any CPU.ActiveCfg = Release|Any CPU
		{F598E29F-C961-4B92-9276-CCA19339B896}.Release|Any CPU.Build.0 = Release|Any CPU
		{02C51121-3995-4582-968D-33C3D3C8BABB}.Debug|Any CPU.ActiveCfg = Debug|Any CPU
		{02C51121-3995-4582-968D-33C3D3C8BABB}.Debug|Any CPU.Build.0 = Debug|Any CPU
		{02C51121-3995-4582-968D-33C3D3C8BABB}.Release|Any CPU.ActiveCfg = Release|Any CPU
		{02C51121-3995-4582-968D-33C3D3C8BABB}.Release|Any CPU.Build.0 = Release|Any CPU
		{D510ABBF-801C-4EF7-972B-D7BED4D66233}.Debug|Any CPU.ActiveCfg = Debug|Any CPU
		{D510ABBF-801C-4EF7-972B-D7BED4D66233}.Debug|Any CPU.Build.0 = Debug|Any CPU
		{D510ABBF-801C-4EF7-972B-D7BED4D66233}.Release|Any CPU.ActiveCfg = Release|Any CPU
		{D510ABBF-801C-4EF7-972B-D7BED4D66233}.Release|Any CPU.Build.0 = Release|Any CPU
		{700B1839-7209-4781-AF85-C8088CE4B264}.Debug|Any CPU.ActiveCfg = Debug|Any CPU
		{700B1839-7209-4781-AF85-C8088CE4B264}.Debug|Any CPU.Build.0 = Debug|Any CPU
		{700B1839-7209-4781-AF85-C8088CE4B264}.Release|Any CPU.ActiveCfg = Release|Any CPU
		{700B1839-7209-4781-AF85-C8088CE4B264}.Release|Any CPU.Build.0 = Release|Any CPU
		{5E972D6E-F3FE-44E1-A004-180FECF689E3}.Debug|Any CPU.ActiveCfg = Debug|Any CPU
		{5E972D6E-F3FE-44E1-A004-180FECF689E3}.Debug|Any CPU.Build.0 = Debug|Any CPU
		{5E972D6E-F3FE-44E1-A004-180FECF689E3}.Release|Any CPU.ActiveCfg = Release|Any CPU
		{5E972D6E-F3FE-44E1-A004-180FECF689E3}.Release|Any CPU.Build.0 = Release|Any CPU
		{FA6C0ADE-1297-49A6-A5AE-A2C1F722F075}.Debug|Any CPU.ActiveCfg = Debug|Any CPU
		{FA6C0ADE-1297-49A6-A5AE-A2C1F722F075}.Debug|Any CPU.Build.0 = Debug|Any CPU
		{FA6C0ADE-1297-49A6-A5AE-A2C1F722F075}.Release|Any CPU.ActiveCfg = Release|Any CPU
		{FA6C0ADE-1297-49A6-A5AE-A2C1F722F075}.Release|Any CPU.Build.0 = Release|Any CPU
		{1619A320-E1AA-4C41-A86E-60CBBE3EAC62}.Debug|Any CPU.ActiveCfg = Debug|Any CPU
		{1619A320-E1AA-4C41-A86E-60CBBE3EAC62}.Debug|Any CPU.Build.0 = Debug|Any CPU
		{1619A320-E1AA-4C41-A86E-60CBBE3EAC62}.Release|Any CPU.ActiveCfg = Release|Any CPU
		{1619A320-E1AA-4C41-A86E-60CBBE3EAC62}.Release|Any CPU.Build.0 = Release|Any CPU
		{AA2B25EF-8F68-435B-8C85-3EFE71097412}.Debug|Any CPU.ActiveCfg = Debug|Any CPU
		{AA2B25EF-8F68-435B-8C85-3EFE71097412}.Debug|Any CPU.Build.0 = Debug|Any CPU
		{AA2B25EF-8F68-435B-8C85-3EFE71097412}.Release|Any CPU.ActiveCfg = Release|Any CPU
		{AA2B25EF-8F68-435B-8C85-3EFE71097412}.Release|Any CPU.Build.0 = Release|Any CPU
		{751849F6-64BF-4744-A0EB-09ECA7C5C909}.Debug|Any CPU.ActiveCfg = Debug|Any CPU
		{751849F6-64BF-4744-A0EB-09ECA7C5C909}.Debug|Any CPU.Build.0 = Debug|Any CPU
		{751849F6-64BF-4744-A0EB-09ECA7C5C909}.Release|Any CPU.ActiveCfg = Release|Any CPU
		{751849F6-64BF-4744-A0EB-09ECA7C5C909}.Release|Any CPU.Build.0 = Release|Any CPU
		{EFB3B4DC-D242-41B3-9227-C81ABCF90B2B}.Debug|Any CPU.ActiveCfg = Debug|Any CPU
		{EFB3B4DC-D242-41B3-9227-C81ABCF90B2B}.Debug|Any CPU.Build.0 = Debug|Any CPU
		{EFB3B4DC-D242-41B3-9227-C81ABCF90B2B}.Release|Any CPU.ActiveCfg = Release|Any CPU
		{EFB3B4DC-D242-41B3-9227-C81ABCF90B2B}.Release|Any CPU.Build.0 = Release|Any CPU
		{0CEDC4F0-A7AE-4673-BE0C-6FA3D3C39435}.Debug|Any CPU.ActiveCfg = Debug|Any CPU
		{0CEDC4F0-A7AE-4673-BE0C-6FA3D3C39435}.Debug|Any CPU.Build.0 = Debug|Any CPU
		{0CEDC4F0-A7AE-4673-BE0C-6FA3D3C39435}.Release|Any CPU.ActiveCfg = Release|Any CPU
		{0CEDC4F0-A7AE-4673-BE0C-6FA3D3C39435}.Release|Any CPU.Build.0 = Release|Any CPU
		{AB2F03EF-9259-4B69-A154-B7BA0C7A2DFE}.Debug|Any CPU.ActiveCfg = Debug|Any CPU
		{AB2F03EF-9259-4B69-A154-B7BA0C7A2DFE}.Debug|Any CPU.Build.0 = Debug|Any CPU
		{AB2F03EF-9259-4B69-A154-B7BA0C7A2DFE}.Release|Any CPU.ActiveCfg = Release|Any CPU
		{AB2F03EF-9259-4B69-A154-B7BA0C7A2DFE}.Release|Any CPU.Build.0 = Release|Any CPU
		{BBF34733-85AA-4750-BFF2-E2C1FA4870D1}.Debug|Any CPU.ActiveCfg = Debug|Any CPU
		{BBF34733-85AA-4750-BFF2-E2C1FA4870D1}.Debug|Any CPU.Build.0 = Debug|Any CPU
		{BBF34733-85AA-4750-BFF2-E2C1FA4870D1}.Release|Any CPU.ActiveCfg = Release|Any CPU
		{BBF34733-85AA-4750-BFF2-E2C1FA4870D1}.Release|Any CPU.Build.0 = Release|Any CPU
		{E861B501-E300-4DD4-B289-C2C4DBBEFC08}.Debug|Any CPU.ActiveCfg = Debug|Any CPU
		{E861B501-E300-4DD4-B289-C2C4DBBEFC08}.Debug|Any CPU.Build.0 = Debug|Any CPU
		{E861B501-E300-4DD4-B289-C2C4DBBEFC08}.Release|Any CPU.ActiveCfg = Release|Any CPU
		{E861B501-E300-4DD4-B289-C2C4DBBEFC08}.Release|Any CPU.Build.0 = Release|Any CPU
		{16DF0E55-CA74-4031-84F6-7FFCD6992B50}.Debug|Any CPU.ActiveCfg = Debug|Any CPU
		{16DF0E55-CA74-4031-84F6-7FFCD6992B50}.Debug|Any CPU.Build.0 = Debug|Any CPU
		{16DF0E55-CA74-4031-84F6-7FFCD6992B50}.Release|Any CPU.ActiveCfg = Release|Any CPU
		{16DF0E55-CA74-4031-84F6-7FFCD6992B50}.Release|Any CPU.Build.0 = Release|Any CPU
		{71B20451-439A-4D81-80C9-290B9251A460}.Debug|Any CPU.ActiveCfg = Debug|Any CPU
		{71B20451-439A-4D81-80C9-290B9251A460}.Debug|Any CPU.Build.0 = Debug|Any CPU
		{71B20451-439A-4D81-80C9-290B9251A460}.Release|Any CPU.ActiveCfg = Release|Any CPU
		{71B20451-439A-4D81-80C9-290B9251A460}.Release|Any CPU.Build.0 = Release|Any CPU
		{F45D4AB1-5F7A-4817-AC3C-16F8E8406805}.Debug|Any CPU.ActiveCfg = Debug|Any CPU
		{F45D4AB1-5F7A-4817-AC3C-16F8E8406805}.Debug|Any CPU.Build.0 = Debug|Any CPU
		{F45D4AB1-5F7A-4817-AC3C-16F8E8406805}.Release|Any CPU.ActiveCfg = Release|Any CPU
		{F45D4AB1-5F7A-4817-AC3C-16F8E8406805}.Release|Any CPU.Build.0 = Release|Any CPU
		{A4D36260-8957-45F1-922D-8B7601C08B67}.Debug|Any CPU.ActiveCfg = Debug|Any CPU
		{A4D36260-8957-45F1-922D-8B7601C08B67}.Debug|Any CPU.Build.0 = Debug|Any CPU
		{A4D36260-8957-45F1-922D-8B7601C08B67}.Release|Any CPU.ActiveCfg = Release|Any CPU
		{A4D36260-8957-45F1-922D-8B7601C08B67}.Release|Any CPU.Build.0 = Release|Any CPU
		{8A02AB64-1420-40CE-B632-C2CB163E3343}.Debug|Any CPU.ActiveCfg = Debug|Any CPU
		{8A02AB64-1420-40CE-B632-C2CB163E3343}.Debug|Any CPU.Build.0 = Debug|Any CPU
		{8A02AB64-1420-40CE-B632-C2CB163E3343}.Release|Any CPU.ActiveCfg = Release|Any CPU
		{8A02AB64-1420-40CE-B632-C2CB163E3343}.Release|Any CPU.Build.0 = Release|Any CPU
		{20FD72B3-799E-40F4-9E20-A7AAB56EC487}.Debug|Any CPU.ActiveCfg = Debug|Any CPU
		{20FD72B3-799E-40F4-9E20-A7AAB56EC487}.Debug|Any CPU.Build.0 = Debug|Any CPU
		{20FD72B3-799E-40F4-9E20-A7AAB56EC487}.Release|Any CPU.ActiveCfg = Release|Any CPU
		{20FD72B3-799E-40F4-9E20-A7AAB56EC487}.Release|Any CPU.Build.0 = Release|Any CPU
		{51AD0FB2-557A-4F76-8C61-0A8C8AE2FFC3}.Debug|Any CPU.ActiveCfg = Debug|Any CPU
		{51AD0FB2-557A-4F76-8C61-0A8C8AE2FFC3}.Debug|Any CPU.Build.0 = Debug|Any CPU
		{51AD0FB2-557A-4F76-8C61-0A8C8AE2FFC3}.Release|Any CPU.ActiveCfg = Release|Any CPU
		{51AD0FB2-557A-4F76-8C61-0A8C8AE2FFC3}.Release|Any CPU.Build.0 = Release|Any CPU
		{E8878DCB-5CB2-4277-91F6-8DFD866CD71D}.Debug|Any CPU.ActiveCfg = Debug|Any CPU
		{E8878DCB-5CB2-4277-91F6-8DFD866CD71D}.Debug|Any CPU.Build.0 = Debug|Any CPU
		{E8878DCB-5CB2-4277-91F6-8DFD866CD71D}.Release|Any CPU.ActiveCfg = Release|Any CPU
		{E8878DCB-5CB2-4277-91F6-8DFD866CD71D}.Release|Any CPU.Build.0 = Release|Any CPU
		{E20429F7-DC4C-4C42-9725-75BF164C5E92}.Debug|Any CPU.ActiveCfg = Debug|Any CPU
		{E20429F7-DC4C-4C42-9725-75BF164C5E92}.Debug|Any CPU.Build.0 = Debug|Any CPU
		{E20429F7-DC4C-4C42-9725-75BF164C5E92}.Release|Any CPU.ActiveCfg = Release|Any CPU
		{E20429F7-DC4C-4C42-9725-75BF164C5E92}.Release|Any CPU.Build.0 = Release|Any CPU
		{E81B5456-CDC1-450E-8AD6-1EBE52E3C0E4}.Debug|Any CPU.ActiveCfg = Debug|Any CPU
		{E81B5456-CDC1-450E-8AD6-1EBE52E3C0E4}.Debug|Any CPU.Build.0 = Debug|Any CPU
		{E81B5456-CDC1-450E-8AD6-1EBE52E3C0E4}.Release|Any CPU.ActiveCfg = Release|Any CPU
		{E81B5456-CDC1-450E-8AD6-1EBE52E3C0E4}.Release|Any CPU.Build.0 = Release|Any CPU
		{21398DCF-AB2D-41DB-A122-13D370D5932B}.Debug|Any CPU.ActiveCfg = Debug|Any CPU
		{21398DCF-AB2D-41DB-A122-13D370D5932B}.Debug|Any CPU.Build.0 = Debug|Any CPU
		{21398DCF-AB2D-41DB-A122-13D370D5932B}.Release|Any CPU.ActiveCfg = Release|Any CPU
		{21398DCF-AB2D-41DB-A122-13D370D5932B}.Release|Any CPU.Build.0 = Release|Any CPU
		{5CEA5416-4A29-4B0D-BEFF-5D14DBE50570}.Debug|Any CPU.ActiveCfg = Debug|Any CPU
		{5CEA5416-4A29-4B0D-BEFF-5D14DBE50570}.Debug|Any CPU.Build.0 = Debug|Any CPU
		{5CEA5416-4A29-4B0D-BEFF-5D14DBE50570}.Release|Any CPU.ActiveCfg = Release|Any CPU
		{5CEA5416-4A29-4B0D-BEFF-5D14DBE50570}.Release|Any CPU.Build.0 = Release|Any CPU
		{2AE014A0-FDB5-4414-A4CD-3CE73F2B5F50}.Debug|Any CPU.ActiveCfg = Debug|Any CPU
		{2AE014A0-FDB5-4414-A4CD-3CE73F2B5F50}.Debug|Any CPU.Build.0 = Debug|Any CPU
		{2AE014A0-FDB5-4414-A4CD-3CE73F2B5F50}.Release|Any CPU.ActiveCfg = Release|Any CPU
		{2AE014A0-FDB5-4414-A4CD-3CE73F2B5F50}.Release|Any CPU.Build.0 = Release|Any CPU
		{6DCCC661-A007-4A30-80FC-9828C354112D}.Debug|Any CPU.ActiveCfg = Debug|Any CPU
		{6DCCC661-A007-4A30-80FC-9828C354112D}.Debug|Any CPU.Build.0 = Debug|Any CPU
		{6DCCC661-A007-4A30-80FC-9828C354112D}.Release|Any CPU.ActiveCfg = Release|Any CPU
		{6DCCC661-A007-4A30-80FC-9828C354112D}.Release|Any CPU.Build.0 = Release|Any CPU
		{08529CBC-0672-4223-92B4-2FCC61AEA800}.Debug|Any CPU.ActiveCfg = Debug|Any CPU
		{08529CBC-0672-4223-92B4-2FCC61AEA800}.Debug|Any CPU.Build.0 = Debug|Any CPU
		{08529CBC-0672-4223-92B4-2FCC61AEA800}.Release|Any CPU.ActiveCfg = Release|Any CPU
		{08529CBC-0672-4223-92B4-2FCC61AEA800}.Release|Any CPU.Build.0 = Release|Any CPU
		{9C4FEDC9-CA36-4861-BA35-F7384A63D9E5}.Debug|Any CPU.ActiveCfg = Debug|Any CPU
		{9C4FEDC9-CA36-4861-BA35-F7384A63D9E5}.Debug|Any CPU.Build.0 = Debug|Any CPU
		{9C4FEDC9-CA36-4861-BA35-F7384A63D9E5}.Release|Any CPU.ActiveCfg = Release|Any CPU
		{9C4FEDC9-CA36-4861-BA35-F7384A63D9E5}.Release|Any CPU.Build.0 = Release|Any CPU
		{A56A23DC-68DE-4D0B-AE19-3398582B941C}.Debug|Any CPU.ActiveCfg = Debug|Any CPU
		{A56A23DC-68DE-4D0B-AE19-3398582B941C}.Debug|Any CPU.Build.0 = Debug|Any CPU
		{A56A23DC-68DE-4D0B-AE19-3398582B941C}.Release|Any CPU.ActiveCfg = Release|Any CPU
		{A56A23DC-68DE-4D0B-AE19-3398582B941C}.Release|Any CPU.Build.0 = Release|Any CPU
		{EC610ECB-0FFA-4ED8-8CBF-24822C016769}.Debug|Any CPU.ActiveCfg = Debug|Any CPU
		{EC610ECB-0FFA-4ED8-8CBF-24822C016769}.Debug|Any CPU.Build.0 = Debug|Any CPU
		{EC610ECB-0FFA-4ED8-8CBF-24822C016769}.Release|Any CPU.ActiveCfg = Release|Any CPU
		{EC610ECB-0FFA-4ED8-8CBF-24822C016769}.Release|Any CPU.Build.0 = Release|Any CPU
		{2A6514C8-35DA-414C-90B3-BD2C2069D06C}.Debug|Any CPU.ActiveCfg = Debug|Any CPU
		{2A6514C8-35DA-414C-90B3-BD2C2069D06C}.Debug|Any CPU.Build.0 = Debug|Any CPU
		{2A6514C8-35DA-414C-90B3-BD2C2069D06C}.Release|Any CPU.ActiveCfg = Release|Any CPU
		{2A6514C8-35DA-414C-90B3-BD2C2069D06C}.Release|Any CPU.Build.0 = Release|Any CPU
		{60EFBC55-B3F5-4FFE-8995-FBF3817900F7}.Debug|Any CPU.ActiveCfg = Debug|Any CPU
		{60EFBC55-B3F5-4FFE-8995-FBF3817900F7}.Debug|Any CPU.Build.0 = Debug|Any CPU
		{60EFBC55-B3F5-4FFE-8995-FBF3817900F7}.Release|Any CPU.ActiveCfg = Release|Any CPU
		{60EFBC55-B3F5-4FFE-8995-FBF3817900F7}.Release|Any CPU.Build.0 = Release|Any CPU
		{C97402CE-F103-4AB2-80CA-F57ED71D3E5E}.Debug|Any CPU.ActiveCfg = Debug|Any CPU
		{C97402CE-F103-4AB2-80CA-F57ED71D3E5E}.Debug|Any CPU.Build.0 = Debug|Any CPU
		{C97402CE-F103-4AB2-80CA-F57ED71D3E5E}.Release|Any CPU.ActiveCfg = Release|Any CPU
		{C97402CE-F103-4AB2-80CA-F57ED71D3E5E}.Release|Any CPU.Build.0 = Release|Any CPU
		{83D502C1-5501-4A43-8E7B-5E884EBE7CD4}.Debug|Any CPU.ActiveCfg = Debug|Any CPU
		{83D502C1-5501-4A43-8E7B-5E884EBE7CD4}.Debug|Any CPU.Build.0 = Debug|Any CPU
		{83D502C1-5501-4A43-8E7B-5E884EBE7CD4}.Release|Any CPU.ActiveCfg = Release|Any CPU
		{83D502C1-5501-4A43-8E7B-5E884EBE7CD4}.Release|Any CPU.Build.0 = Release|Any CPU
		{014792FA-6815-46B4-B129-7ACDD4C9517A}.Debug|Any CPU.ActiveCfg = Debug|Any CPU
		{014792FA-6815-46B4-B129-7ACDD4C9517A}.Debug|Any CPU.Build.0 = Debug|Any CPU
		{014792FA-6815-46B4-B129-7ACDD4C9517A}.Release|Any CPU.ActiveCfg = Release|Any CPU
		{014792FA-6815-46B4-B129-7ACDD4C9517A}.Release|Any CPU.Build.0 = Release|Any CPU
		{FE515544-C7D7-48D7-9744-D1D47C6957E5}.Debug|Any CPU.ActiveCfg = Debug|Any CPU
		{FE515544-C7D7-48D7-9744-D1D47C6957E5}.Debug|Any CPU.Build.0 = Debug|Any CPU
		{FE515544-C7D7-48D7-9744-D1D47C6957E5}.Release|Any CPU.ActiveCfg = Release|Any CPU
		{FE515544-C7D7-48D7-9744-D1D47C6957E5}.Release|Any CPU.Build.0 = Release|Any CPU
		{ED4C9384-E7B3-4580-B316-78DA9E99A8F0}.Debug|Any CPU.ActiveCfg = Debug|Any CPU
		{ED4C9384-E7B3-4580-B316-78DA9E99A8F0}.Debug|Any CPU.Build.0 = Debug|Any CPU
		{ED4C9384-E7B3-4580-B316-78DA9E99A8F0}.Release|Any CPU.ActiveCfg = Release|Any CPU
		{ED4C9384-E7B3-4580-B316-78DA9E99A8F0}.Release|Any CPU.Build.0 = Release|Any CPU
		{03A3D2AC-EBC7-46B5-9EC5-59D207CFE834}.Debug|Any CPU.ActiveCfg = Debug|Any CPU
		{03A3D2AC-EBC7-46B5-9EC5-59D207CFE834}.Debug|Any CPU.Build.0 = Debug|Any CPU
		{03A3D2AC-EBC7-46B5-9EC5-59D207CFE834}.Release|Any CPU.ActiveCfg = Release|Any CPU
		{03A3D2AC-EBC7-46B5-9EC5-59D207CFE834}.Release|Any CPU.Build.0 = Release|Any CPU
		{E67DBF1F-3E08-45DA-A714-8A63A54222E9}.Debug|Any CPU.ActiveCfg = Debug|Any CPU
		{E67DBF1F-3E08-45DA-A714-8A63A54222E9}.Debug|Any CPU.Build.0 = Debug|Any CPU
		{E67DBF1F-3E08-45DA-A714-8A63A54222E9}.Release|Any CPU.ActiveCfg = Release|Any CPU
		{E67DBF1F-3E08-45DA-A714-8A63A54222E9}.Release|Any CPU.Build.0 = Release|Any CPU
		{738B25C6-0B63-4025-87FB-3AC6C0212C50}.Debug|Any CPU.ActiveCfg = Debug|Any CPU
		{738B25C6-0B63-4025-87FB-3AC6C0212C50}.Debug|Any CPU.Build.0 = Debug|Any CPU
		{738B25C6-0B63-4025-87FB-3AC6C0212C50}.Release|Any CPU.ActiveCfg = Release|Any CPU
		{738B25C6-0B63-4025-87FB-3AC6C0212C50}.Release|Any CPU.Build.0 = Release|Any CPU
		{9E9F0633-E91F-4712-BB9A-8724E6BD004A}.Debug|Any CPU.ActiveCfg = Debug|Any CPU
		{9E9F0633-E91F-4712-BB9A-8724E6BD004A}.Debug|Any CPU.Build.0 = Debug|Any CPU
		{9E9F0633-E91F-4712-BB9A-8724E6BD004A}.Release|Any CPU.ActiveCfg = Release|Any CPU
		{9E9F0633-E91F-4712-BB9A-8724E6BD004A}.Release|Any CPU.Build.0 = Release|Any CPU
		{990D35FB-809E-491F-AB2C-3084F2BF34FC}.Debug|Any CPU.ActiveCfg = Debug|Any CPU
		{990D35FB-809E-491F-AB2C-3084F2BF34FC}.Debug|Any CPU.Build.0 = Debug|Any CPU
		{990D35FB-809E-491F-AB2C-3084F2BF34FC}.Release|Any CPU.ActiveCfg = Release|Any CPU
		{990D35FB-809E-491F-AB2C-3084F2BF34FC}.Release|Any CPU.Build.0 = Release|Any CPU
		{CE869521-8C7D-4EF3-88AA-9C4AC8A662E9}.Debug|Any CPU.ActiveCfg = Debug|Any CPU
		{CE869521-8C7D-4EF3-88AA-9C4AC8A662E9}.Debug|Any CPU.Build.0 = Debug|Any CPU
		{CE869521-8C7D-4EF3-88AA-9C4AC8A662E9}.Release|Any CPU.ActiveCfg = Release|Any CPU
		{CE869521-8C7D-4EF3-88AA-9C4AC8A662E9}.Release|Any CPU.Build.0 = Release|Any CPU
		{2025E143-DFF2-4B39-B12F-B6575916F220}.Debug|Any CPU.ActiveCfg = Debug|Any CPU
		{2025E143-DFF2-4B39-B12F-B6575916F220}.Debug|Any CPU.Build.0 = Debug|Any CPU
		{2025E143-DFF2-4B39-B12F-B6575916F220}.Release|Any CPU.ActiveCfg = Release|Any CPU
		{2025E143-DFF2-4B39-B12F-B6575916F220}.Release|Any CPU.Build.0 = Release|Any CPU
		{45368B5D-DA94-4531-B810-02DAE84EFA54}.Debug|Any CPU.ActiveCfg = Debug|Any CPU
		{45368B5D-DA94-4531-B810-02DAE84EFA54}.Debug|Any CPU.Build.0 = Debug|Any CPU
		{45368B5D-DA94-4531-B810-02DAE84EFA54}.Release|Any CPU.ActiveCfg = Release|Any CPU
		{45368B5D-DA94-4531-B810-02DAE84EFA54}.Release|Any CPU.Build.0 = Release|Any CPU
		{3B669991-A73E-45DB-ACF1-27A5580295D3}.Debug|Any CPU.ActiveCfg = Debug|Any CPU
		{3B669991-A73E-45DB-ACF1-27A5580295D3}.Debug|Any CPU.Build.0 = Debug|Any CPU
		{3B669991-A73E-45DB-ACF1-27A5580295D3}.Release|Any CPU.ActiveCfg = Release|Any CPU
		{3B669991-A73E-45DB-ACF1-27A5580295D3}.Release|Any CPU.Build.0 = Release|Any CPU
		{9D904CAF-22C6-464A-99A3-5DA1B80E1577}.Debug|Any CPU.ActiveCfg = Debug|Any CPU
		{9D904CAF-22C6-464A-99A3-5DA1B80E1577}.Debug|Any CPU.Build.0 = Debug|Any CPU
		{9D904CAF-22C6-464A-99A3-5DA1B80E1577}.Release|Any CPU.ActiveCfg = Release|Any CPU
		{9D904CAF-22C6-464A-99A3-5DA1B80E1577}.Release|Any CPU.Build.0 = Release|Any CPU
		{37BA3E3B-1FB8-4B7D-8E2D-D16C4B2C01B7}.Debug|Any CPU.ActiveCfg = Debug|Any CPU
		{37BA3E3B-1FB8-4B7D-8E2D-D16C4B2C01B7}.Debug|Any CPU.Build.0 = Debug|Any CPU
		{37BA3E3B-1FB8-4B7D-8E2D-D16C4B2C01B7}.Release|Any CPU.ActiveCfg = Release|Any CPU
		{37BA3E3B-1FB8-4B7D-8E2D-D16C4B2C01B7}.Release|Any CPU.Build.0 = Release|Any CPU
		{69C42F6A-A032-46CF-A4C9-E298ECE78A4F}.Debug|Any CPU.ActiveCfg = Debug|Any CPU
		{69C42F6A-A032-46CF-A4C9-E298ECE78A4F}.Debug|Any CPU.Build.0 = Debug|Any CPU
		{69C42F6A-A032-46CF-A4C9-E298ECE78A4F}.Release|Any CPU.ActiveCfg = Release|Any CPU
		{69C42F6A-A032-46CF-A4C9-E298ECE78A4F}.Release|Any CPU.Build.0 = Release|Any CPU
		{36FF6FDC-EA32-4FBC-9B28-B7BBC8F50B85}.Debug|Any CPU.ActiveCfg = Debug|Any CPU
		{36FF6FDC-EA32-4FBC-9B28-B7BBC8F50B85}.Debug|Any CPU.Build.0 = Debug|Any CPU
		{36FF6FDC-EA32-4FBC-9B28-B7BBC8F50B85}.Release|Any CPU.ActiveCfg = Release|Any CPU
		{36FF6FDC-EA32-4FBC-9B28-B7BBC8F50B85}.Release|Any CPU.Build.0 = Release|Any CPU
		{83D020B0-F88A-4B53-ABEA-4780D781B5BB}.Debug|Any CPU.ActiveCfg = Debug|Any CPU
		{83D020B0-F88A-4B53-ABEA-4780D781B5BB}.Debug|Any CPU.Build.0 = Debug|Any CPU
		{83D020B0-F88A-4B53-ABEA-4780D781B5BB}.Release|Any CPU.ActiveCfg = Release|Any CPU
		{83D020B0-F88A-4B53-ABEA-4780D781B5BB}.Release|Any CPU.Build.0 = Release|Any CPU
		{795EC1CC-6941-4CD2-B24F-2BE3755A1733}.Debug|Any CPU.ActiveCfg = Debug|Any CPU
		{795EC1CC-6941-4CD2-B24F-2BE3755A1733}.Debug|Any CPU.Build.0 = Debug|Any CPU
		{795EC1CC-6941-4CD2-B24F-2BE3755A1733}.Release|Any CPU.ActiveCfg = Release|Any CPU
		{795EC1CC-6941-4CD2-B24F-2BE3755A1733}.Release|Any CPU.Build.0 = Release|Any CPU
		{725F82D0-B951-4E5E-A0D0-5115F8B23CFC}.Debug|Any CPU.ActiveCfg = Debug|Any CPU
		{725F82D0-B951-4E5E-A0D0-5115F8B23CFC}.Debug|Any CPU.Build.0 = Debug|Any CPU
		{725F82D0-B951-4E5E-A0D0-5115F8B23CFC}.Release|Any CPU.ActiveCfg = Release|Any CPU
		{725F82D0-B951-4E5E-A0D0-5115F8B23CFC}.Release|Any CPU.Build.0 = Release|Any CPU
		{8A5C4049-13DD-4B3A-8A91-7FC07E26DE45}.Debug|Any CPU.ActiveCfg = Debug|Any CPU
		{8A5C4049-13DD-4B3A-8A91-7FC07E26DE45}.Debug|Any CPU.Build.0 = Debug|Any CPU
		{8A5C4049-13DD-4B3A-8A91-7FC07E26DE45}.Release|Any CPU.ActiveCfg = Release|Any CPU
		{8A5C4049-13DD-4B3A-8A91-7FC07E26DE45}.Release|Any CPU.Build.0 = Release|Any CPU
		{EFEA9F44-7E32-432C-B8CF-EB1BB5AFD98B}.Debug|Any CPU.ActiveCfg = Debug|Any CPU
		{EFEA9F44-7E32-432C-B8CF-EB1BB5AFD98B}.Debug|Any CPU.Build.0 = Debug|Any CPU
		{EFEA9F44-7E32-432C-B8CF-EB1BB5AFD98B}.Release|Any CPU.ActiveCfg = Release|Any CPU
		{EFEA9F44-7E32-432C-B8CF-EB1BB5AFD98B}.Release|Any CPU.Build.0 = Release|Any CPU
		{C5EE4511-2B4E-4A61-9A5F-183FA3D994BA}.Debug|Any CPU.ActiveCfg = Debug|Any CPU
		{C5EE4511-2B4E-4A61-9A5F-183FA3D994BA}.Debug|Any CPU.Build.0 = Debug|Any CPU
		{C5EE4511-2B4E-4A61-9A5F-183FA3D994BA}.Release|Any CPU.ActiveCfg = Release|Any CPU
		{C5EE4511-2B4E-4A61-9A5F-183FA3D994BA}.Release|Any CPU.Build.0 = Release|Any CPU
		{C1C0DBEA-A2AE-4265-BFF4-ABCBB6CD9306}.Debug|Any CPU.ActiveCfg = Debug|Any CPU
		{C1C0DBEA-A2AE-4265-BFF4-ABCBB6CD9306}.Debug|Any CPU.Build.0 = Debug|Any CPU
		{C1C0DBEA-A2AE-4265-BFF4-ABCBB6CD9306}.Release|Any CPU.ActiveCfg = Release|Any CPU
		{C1C0DBEA-A2AE-4265-BFF4-ABCBB6CD9306}.Release|Any CPU.Build.0 = Release|Any CPU
		{464A5876-02C4-435A-BD9D-EC961B556D4E}.Debug|Any CPU.ActiveCfg = Debug|Any CPU
		{464A5876-02C4-435A-BD9D-EC961B556D4E}.Debug|Any CPU.Build.0 = Debug|Any CPU
		{464A5876-02C4-435A-BD9D-EC961B556D4E}.Release|Any CPU.ActiveCfg = Release|Any CPU
		{464A5876-02C4-435A-BD9D-EC961B556D4E}.Release|Any CPU.Build.0 = Release|Any CPU
		{6F7716EB-9D5A-4AC6-B22C-135B7F312B29}.Debug|Any CPU.ActiveCfg = Debug|Any CPU
		{6F7716EB-9D5A-4AC6-B22C-135B7F312B29}.Debug|Any CPU.Build.0 = Debug|Any CPU
		{6F7716EB-9D5A-4AC6-B22C-135B7F312B29}.Release|Any CPU.ActiveCfg = Release|Any CPU
		{6F7716EB-9D5A-4AC6-B22C-135B7F312B29}.Release|Any CPU.Build.0 = Release|Any CPU
		{BA6B6363-1671-425E-8609-00802572EF1B}.Debug|Any CPU.ActiveCfg = Debug|Any CPU
		{BA6B6363-1671-425E-8609-00802572EF1B}.Debug|Any CPU.Build.0 = Debug|Any CPU
		{BA6B6363-1671-425E-8609-00802572EF1B}.Release|Any CPU.ActiveCfg = Release|Any CPU
		{BA6B6363-1671-425E-8609-00802572EF1B}.Release|Any CPU.Build.0 = Release|Any CPU
		{5636D718-3DEC-4C98-834B-3976998B8E70}.Debug|Any CPU.ActiveCfg = Debug|Any CPU
		{5636D718-3DEC-4C98-834B-3976998B8E70}.Debug|Any CPU.Build.0 = Debug|Any CPU
		{5636D718-3DEC-4C98-834B-3976998B8E70}.Release|Any CPU.ActiveCfg = Release|Any CPU
		{5636D718-3DEC-4C98-834B-3976998B8E70}.Release|Any CPU.Build.0 = Release|Any CPU
		{D9B17281-C327-4E2C-994F-CE5D6F499CE7}.Debug|Any CPU.ActiveCfg = Debug|Any CPU
		{D9B17281-C327-4E2C-994F-CE5D6F499CE7}.Debug|Any CPU.Build.0 = Debug|Any CPU
		{D9B17281-C327-4E2C-994F-CE5D6F499CE7}.Release|Any CPU.ActiveCfg = Release|Any CPU
		{D9B17281-C327-4E2C-994F-CE5D6F499CE7}.Release|Any CPU.Build.0 = Release|Any CPU
		{9B4264C2-02F9-4F9A-AA33-DE5B71090C25}.Debug|Any CPU.ActiveCfg = Debug|Any CPU
		{9B4264C2-02F9-4F9A-AA33-DE5B71090C25}.Debug|Any CPU.Build.0 = Debug|Any CPU
		{9B4264C2-02F9-4F9A-AA33-DE5B71090C25}.Release|Any CPU.ActiveCfg = Release|Any CPU
		{9B4264C2-02F9-4F9A-AA33-DE5B71090C25}.Release|Any CPU.Build.0 = Release|Any CPU
		{9BA4049E-3D63-485E-BC02-2BD1B90C4B2D}.Debug|Any CPU.ActiveCfg = Debug|Any CPU
		{9BA4049E-3D63-485E-BC02-2BD1B90C4B2D}.Debug|Any CPU.Build.0 = Debug|Any CPU
		{9BA4049E-3D63-485E-BC02-2BD1B90C4B2D}.Release|Any CPU.ActiveCfg = Release|Any CPU
		{9BA4049E-3D63-485E-BC02-2BD1B90C4B2D}.Release|Any CPU.Build.0 = Release|Any CPU
		{FA5B4979-A61C-48F4-995A-DF579EF32C7F}.Debug|Any CPU.ActiveCfg = Debug|Any CPU
		{FA5B4979-A61C-48F4-995A-DF579EF32C7F}.Debug|Any CPU.Build.0 = Debug|Any CPU
		{FA5B4979-A61C-48F4-995A-DF579EF32C7F}.Release|Any CPU.ActiveCfg = Release|Any CPU
		{FA5B4979-A61C-48F4-995A-DF579EF32C7F}.Release|Any CPU.Build.0 = Release|Any CPU
		{25792CBB-05FB-4F65-A994-F6CD30570841}.Debug|Any CPU.ActiveCfg = Debug|Any CPU
		{25792CBB-05FB-4F65-A994-F6CD30570841}.Debug|Any CPU.Build.0 = Debug|Any CPU
		{25792CBB-05FB-4F65-A994-F6CD30570841}.Release|Any CPU.ActiveCfg = Release|Any CPU
		{25792CBB-05FB-4F65-A994-F6CD30570841}.Release|Any CPU.Build.0 = Release|Any CPU
		{442D8D7C-CD32-412A-A9C2-B549411A4EC1}.Debug|Any CPU.ActiveCfg = Debug|Any CPU
		{442D8D7C-CD32-412A-A9C2-B549411A4EC1}.Debug|Any CPU.Build.0 = Debug|Any CPU
		{442D8D7C-CD32-412A-A9C2-B549411A4EC1}.Release|Any CPU.ActiveCfg = Release|Any CPU
		{442D8D7C-CD32-412A-A9C2-B549411A4EC1}.Release|Any CPU.Build.0 = Release|Any CPU
		{9E098D4F-56B4-4374-BAD4-3F2FAAF5D3E9}.Debug|Any CPU.ActiveCfg = Debug|Any CPU
		{9E098D4F-56B4-4374-BAD4-3F2FAAF5D3E9}.Debug|Any CPU.Build.0 = Debug|Any CPU
		{9E098D4F-56B4-4374-BAD4-3F2FAAF5D3E9}.Release|Any CPU.ActiveCfg = Release|Any CPU
		{9E098D4F-56B4-4374-BAD4-3F2FAAF5D3E9}.Release|Any CPU.Build.0 = Release|Any CPU
		{E6E2B8DF-1BFE-49C5-B926-8084186F667D}.Debug|Any CPU.ActiveCfg = Debug|Any CPU
		{E6E2B8DF-1BFE-49C5-B926-8084186F667D}.Debug|Any CPU.Build.0 = Debug|Any CPU
		{E6E2B8DF-1BFE-49C5-B926-8084186F667D}.Release|Any CPU.ActiveCfg = Release|Any CPU
		{E6E2B8DF-1BFE-49C5-B926-8084186F667D}.Release|Any CPU.Build.0 = Release|Any CPU
		{C36A212D-C8C0-415D-8CE0-A3A760E93933}.Debug|Any CPU.ActiveCfg = Debug|Any CPU
		{C36A212D-C8C0-415D-8CE0-A3A760E93933}.Debug|Any CPU.Build.0 = Debug|Any CPU
		{C36A212D-C8C0-415D-8CE0-A3A760E93933}.Release|Any CPU.ActiveCfg = Release|Any CPU
		{C36A212D-C8C0-415D-8CE0-A3A760E93933}.Release|Any CPU.Build.0 = Release|Any CPU
		{71A8CFA2-004B-4D21-9C62-3F2813611352}.Debug|Any CPU.ActiveCfg = Debug|Any CPU
		{71A8CFA2-004B-4D21-9C62-3F2813611352}.Debug|Any CPU.Build.0 = Debug|Any CPU
		{71A8CFA2-004B-4D21-9C62-3F2813611352}.Release|Any CPU.ActiveCfg = Release|Any CPU
		{71A8CFA2-004B-4D21-9C62-3F2813611352}.Release|Any CPU.Build.0 = Release|Any CPU
		{A6FE8F50-6EBC-449E-99AD-08FC40E2E525}.Debug|Any CPU.ActiveCfg = Debug|Any CPU
		{A6FE8F50-6EBC-449E-99AD-08FC40E2E525}.Debug|Any CPU.Build.0 = Debug|Any CPU
		{A6FE8F50-6EBC-449E-99AD-08FC40E2E525}.Release|Any CPU.ActiveCfg = Release|Any CPU
		{A6FE8F50-6EBC-449E-99AD-08FC40E2E525}.Release|Any CPU.Build.0 = Release|Any CPU
		{20F3BAEF-5E3B-4366-B54D-7B0AC1D37980}.Debug|Any CPU.ActiveCfg = Debug|Any CPU
		{20F3BAEF-5E3B-4366-B54D-7B0AC1D37980}.Debug|Any CPU.Build.0 = Debug|Any CPU
		{20F3BAEF-5E3B-4366-B54D-7B0AC1D37980}.Release|Any CPU.ActiveCfg = Release|Any CPU
		{20F3BAEF-5E3B-4366-B54D-7B0AC1D37980}.Release|Any CPU.Build.0 = Release|Any CPU
		{F5CBE0A8-8166-42F3-866E-CAF3BCB58198}.Debug|Any CPU.ActiveCfg = Debug|Any CPU
		{F5CBE0A8-8166-42F3-866E-CAF3BCB58198}.Debug|Any CPU.Build.0 = Debug|Any CPU
		{F5CBE0A8-8166-42F3-866E-CAF3BCB58198}.Release|Any CPU.ActiveCfg = Release|Any CPU
		{F5CBE0A8-8166-42F3-866E-CAF3BCB58198}.Release|Any CPU.Build.0 = Release|Any CPU
		{281FB3E5-C10F-4BB3-98B8-8987F1E00E82}.Debug|Any CPU.ActiveCfg = Debug|Any CPU
		{281FB3E5-C10F-4BB3-98B8-8987F1E00E82}.Debug|Any CPU.Build.0 = Debug|Any CPU
		{281FB3E5-C10F-4BB3-98B8-8987F1E00E82}.Release|Any CPU.ActiveCfg = Release|Any CPU
		{281FB3E5-C10F-4BB3-98B8-8987F1E00E82}.Release|Any CPU.Build.0 = Release|Any CPU
		{EA703B2C-A1D4-4908-A748-9A8B37BB01C0}.Debug|Any CPU.ActiveCfg = Debug|Any CPU
		{EA703B2C-A1D4-4908-A748-9A8B37BB01C0}.Debug|Any CPU.Build.0 = Debug|Any CPU
		{EA703B2C-A1D4-4908-A748-9A8B37BB01C0}.Release|Any CPU.ActiveCfg = Release|Any CPU
		{EA703B2C-A1D4-4908-A748-9A8B37BB01C0}.Release|Any CPU.Build.0 = Release|Any CPU
		{34F40810-3B55-4F11-867A-D1A0D72B2E73}.Debug|Any CPU.ActiveCfg = Debug|Any CPU
		{34F40810-3B55-4F11-867A-D1A0D72B2E73}.Debug|Any CPU.Build.0 = Debug|Any CPU
		{34F40810-3B55-4F11-867A-D1A0D72B2E73}.Release|Any CPU.ActiveCfg = Release|Any CPU
		{34F40810-3B55-4F11-867A-D1A0D72B2E73}.Release|Any CPU.Build.0 = Release|Any CPU
		{8B2D25BB-E1F7-459A-A6E2-3B338B1532F7}.Debug|Any CPU.ActiveCfg = Debug|Any CPU
		{8B2D25BB-E1F7-459A-A6E2-3B338B1532F7}.Debug|Any CPU.Build.0 = Debug|Any CPU
		{8B2D25BB-E1F7-459A-A6E2-3B338B1532F7}.Release|Any CPU.ActiveCfg = Release|Any CPU
		{8B2D25BB-E1F7-459A-A6E2-3B338B1532F7}.Release|Any CPU.Build.0 = Release|Any CPU
		{AA944CEB-508B-4FDB-9223-2F106D29FDB8}.Debug|Any CPU.ActiveCfg = Debug|Any CPU
		{AA944CEB-508B-4FDB-9223-2F106D29FDB8}.Debug|Any CPU.Build.0 = Debug|Any CPU
		{AA944CEB-508B-4FDB-9223-2F106D29FDB8}.Release|Any CPU.ActiveCfg = Release|Any CPU
		{AA944CEB-508B-4FDB-9223-2F106D29FDB8}.Release|Any CPU.Build.0 = Release|Any CPU
		{6E268E95-DCF0-4392-8AA5-AA301C64225E}.Debug|Any CPU.ActiveCfg = Debug|Any CPU
		{6E268E95-DCF0-4392-8AA5-AA301C64225E}.Debug|Any CPU.Build.0 = Debug|Any CPU
		{6E268E95-DCF0-4392-8AA5-AA301C64225E}.Release|Any CPU.ActiveCfg = Release|Any CPU
		{6E268E95-DCF0-4392-8AA5-AA301C64225E}.Release|Any CPU.Build.0 = Release|Any CPU
		{D8CFAD98-188E-4862-BA19-B8E314F11EA4}.Debug|Any CPU.ActiveCfg = Debug|Any CPU
		{D8CFAD98-188E-4862-BA19-B8E314F11EA4}.Debug|Any CPU.Build.0 = Debug|Any CPU
		{D8CFAD98-188E-4862-BA19-B8E314F11EA4}.Release|Any CPU.ActiveCfg = Release|Any CPU
		{D8CFAD98-188E-4862-BA19-B8E314F11EA4}.Release|Any CPU.Build.0 = Release|Any CPU
		{8053DF28-312D-4654-88E9-07214E4FD162}.Debug|Any CPU.ActiveCfg = Debug|Any CPU
		{8053DF28-312D-4654-88E9-07214E4FD162}.Debug|Any CPU.Build.0 = Debug|Any CPU
		{8053DF28-312D-4654-88E9-07214E4FD162}.Release|Any CPU.ActiveCfg = Release|Any CPU
		{8053DF28-312D-4654-88E9-07214E4FD162}.Release|Any CPU.Build.0 = Release|Any CPU
		{EC3603ED-D07C-4376-BFE8-B77DF29CAE00}.Debug|Any CPU.ActiveCfg = Debug|Any CPU
		{EC3603ED-D07C-4376-BFE8-B77DF29CAE00}.Debug|Any CPU.Build.0 = Debug|Any CPU
		{EC3603ED-D07C-4376-BFE8-B77DF29CAE00}.Release|Any CPU.ActiveCfg = Release|Any CPU
		{EC3603ED-D07C-4376-BFE8-B77DF29CAE00}.Release|Any CPU.Build.0 = Release|Any CPU
		{33402531-0255-480E-BBA8-52E1CCFA6558}.Debug|Any CPU.ActiveCfg = Debug|Any CPU
		{33402531-0255-480E-BBA8-52E1CCFA6558}.Debug|Any CPU.Build.0 = Debug|Any CPU
		{33402531-0255-480E-BBA8-52E1CCFA6558}.Release|Any CPU.ActiveCfg = Release|Any CPU
		{33402531-0255-480E-BBA8-52E1CCFA6558}.Release|Any CPU.Build.0 = Release|Any CPU
		{9677DA0B-6636-4330-90B9-DE65A193B961}.Debug|Any CPU.ActiveCfg = Debug|Any CPU
		{9677DA0B-6636-4330-90B9-DE65A193B961}.Debug|Any CPU.Build.0 = Debug|Any CPU
		{9677DA0B-6636-4330-90B9-DE65A193B961}.Release|Any CPU.ActiveCfg = Release|Any CPU
		{9677DA0B-6636-4330-90B9-DE65A193B961}.Release|Any CPU.Build.0 = Release|Any CPU
		{256BCDB9-C413-4FAD-B258-2403E5FC45CF}.Debug|Any CPU.ActiveCfg = Debug|Any CPU
		{256BCDB9-C413-4FAD-B258-2403E5FC45CF}.Debug|Any CPU.Build.0 = Debug|Any CPU
		{256BCDB9-C413-4FAD-B258-2403E5FC45CF}.Release|Any CPU.ActiveCfg = Release|Any CPU
		{256BCDB9-C413-4FAD-B258-2403E5FC45CF}.Release|Any CPU.Build.0 = Release|Any CPU
		{0D053EAF-5808-47EC-8373-D3ADAD1CB474}.Debug|Any CPU.ActiveCfg = Debug|Any CPU
		{0D053EAF-5808-47EC-8373-D3ADAD1CB474}.Debug|Any CPU.Build.0 = Debug|Any CPU
		{0D053EAF-5808-47EC-8373-D3ADAD1CB474}.Release|Any CPU.ActiveCfg = Release|Any CPU
		{0D053EAF-5808-47EC-8373-D3ADAD1CB474}.Release|Any CPU.Build.0 = Release|Any CPU
		{8840C1DD-9DAF-4CB4-80A5-26FED0241163}.Debug|Any CPU.ActiveCfg = Debug|Any CPU
		{8840C1DD-9DAF-4CB4-80A5-26FED0241163}.Debug|Any CPU.Build.0 = Debug|Any CPU
		{8840C1DD-9DAF-4CB4-80A5-26FED0241163}.Release|Any CPU.ActiveCfg = Release|Any CPU
		{8840C1DD-9DAF-4CB4-80A5-26FED0241163}.Release|Any CPU.Build.0 = Release|Any CPU
		{F2E745C6-DABD-4455-BED4-8F3DFD3A71C7}.Debug|Any CPU.ActiveCfg = Debug|Any CPU
		{F2E745C6-DABD-4455-BED4-8F3DFD3A71C7}.Debug|Any CPU.Build.0 = Debug|Any CPU
		{F2E745C6-DABD-4455-BED4-8F3DFD3A71C7}.Release|Any CPU.ActiveCfg = Release|Any CPU
		{F2E745C6-DABD-4455-BED4-8F3DFD3A71C7}.Release|Any CPU.Build.0 = Release|Any CPU
		{348C0D31-A776-48C8-95C4-C26427E5967D}.Debug|Any CPU.ActiveCfg = Debug|Any CPU
		{348C0D31-A776-48C8-95C4-C26427E5967D}.Debug|Any CPU.Build.0 = Debug|Any CPU
		{348C0D31-A776-48C8-95C4-C26427E5967D}.Release|Any CPU.ActiveCfg = Release|Any CPU
		{348C0D31-A776-48C8-95C4-C26427E5967D}.Release|Any CPU.Build.0 = Release|Any CPU
		{29BEFD22-ADA4-4370-9957-D63F972BCBB8}.Debug|Any CPU.ActiveCfg = Debug|Any CPU
		{29BEFD22-ADA4-4370-9957-D63F972BCBB8}.Debug|Any CPU.Build.0 = Debug|Any CPU
		{29BEFD22-ADA4-4370-9957-D63F972BCBB8}.Release|Any CPU.ActiveCfg = Release|Any CPU
		{29BEFD22-ADA4-4370-9957-D63F972BCBB8}.Release|Any CPU.Build.0 = Release|Any CPU
		{12AA17B4-5555-4E55-8A69-094EF805B2B3}.Debug|Any CPU.ActiveCfg = Debug|Any CPU
		{12AA17B4-5555-4E55-8A69-094EF805B2B3}.Debug|Any CPU.Build.0 = Debug|Any CPU
		{12AA17B4-5555-4E55-8A69-094EF805B2B3}.Release|Any CPU.ActiveCfg = Release|Any CPU
		{12AA17B4-5555-4E55-8A69-094EF805B2B3}.Release|Any CPU.Build.0 = Release|Any CPU
		{29FB326D-437D-45C6-88BD-AE01F1ABE0DE}.Debug|Any CPU.ActiveCfg = Debug|Any CPU
		{29FB326D-437D-45C6-88BD-AE01F1ABE0DE}.Debug|Any CPU.Build.0 = Debug|Any CPU
		{29FB326D-437D-45C6-88BD-AE01F1ABE0DE}.Release|Any CPU.ActiveCfg = Release|Any CPU
		{29FB326D-437D-45C6-88BD-AE01F1ABE0DE}.Release|Any CPU.Build.0 = Release|Any CPU
		{296E65DA-8323-49C7-9353-90B14B288B71}.Debug|Any CPU.ActiveCfg = Debug|Any CPU
		{296E65DA-8323-49C7-9353-90B14B288B71}.Debug|Any CPU.Build.0 = Debug|Any CPU
		{296E65DA-8323-49C7-9353-90B14B288B71}.Release|Any CPU.ActiveCfg = Release|Any CPU
		{296E65DA-8323-49C7-9353-90B14B288B71}.Release|Any CPU.Build.0 = Release|Any CPU
		{F052A3D6-ADE0-45CF-9196-6510FD9FDA40}.Debug|Any CPU.ActiveCfg = Debug|Any CPU
		{F052A3D6-ADE0-45CF-9196-6510FD9FDA40}.Debug|Any CPU.Build.0 = Debug|Any CPU
		{F052A3D6-ADE0-45CF-9196-6510FD9FDA40}.Release|Any CPU.ActiveCfg = Release|Any CPU
		{F052A3D6-ADE0-45CF-9196-6510FD9FDA40}.Release|Any CPU.Build.0 = Release|Any CPU
		{F2974078-FC8F-4E95-B589-681C602E845E}.Debug|Any CPU.ActiveCfg = Debug|Any CPU
		{F2974078-FC8F-4E95-B589-681C602E845E}.Debug|Any CPU.Build.0 = Debug|Any CPU
		{F2974078-FC8F-4E95-B589-681C602E845E}.Release|Any CPU.ActiveCfg = Release|Any CPU
		{F2974078-FC8F-4E95-B589-681C602E845E}.Release|Any CPU.Build.0 = Release|Any CPU
		{FA79165D-B0BD-4BA5-BA12-5DF274A7B2A2}.Debug|Any CPU.ActiveCfg = Debug|Any CPU
		{FA79165D-B0BD-4BA5-BA12-5DF274A7B2A2}.Debug|Any CPU.Build.0 = Debug|Any CPU
		{FA79165D-B0BD-4BA5-BA12-5DF274A7B2A2}.Release|Any CPU.ActiveCfg = Release|Any CPU
		{FA79165D-B0BD-4BA5-BA12-5DF274A7B2A2}.Release|Any CPU.Build.0 = Release|Any CPU
		{812916A6-5B5C-4836-B7DF-333D80A04970}.Debug|Any CPU.ActiveCfg = Debug|Any CPU
		{812916A6-5B5C-4836-B7DF-333D80A04970}.Debug|Any CPU.Build.0 = Debug|Any CPU
		{812916A6-5B5C-4836-B7DF-333D80A04970}.Release|Any CPU.ActiveCfg = Release|Any CPU
		{812916A6-5B5C-4836-B7DF-333D80A04970}.Release|Any CPU.Build.0 = Release|Any CPU
		{83F282F1-4049-4162-BE78-A916BA15A4C6}.Debug|Any CPU.ActiveCfg = Debug|Any CPU
		{83F282F1-4049-4162-BE78-A916BA15A4C6}.Debug|Any CPU.Build.0 = Debug|Any CPU
		{83F282F1-4049-4162-BE78-A916BA15A4C6}.Release|Any CPU.ActiveCfg = Release|Any CPU
		{83F282F1-4049-4162-BE78-A916BA15A4C6}.Release|Any CPU.Build.0 = Release|Any CPU
		{4114D4C0-453B-46BF-A18B-18A6846D5A75}.Debug|Any CPU.ActiveCfg = Debug|Any CPU
		{4114D4C0-453B-46BF-A18B-18A6846D5A75}.Debug|Any CPU.Build.0 = Debug|Any CPU
		{4114D4C0-453B-46BF-A18B-18A6846D5A75}.Release|Any CPU.ActiveCfg = Release|Any CPU
		{4114D4C0-453B-46BF-A18B-18A6846D5A75}.Release|Any CPU.Build.0 = Release|Any CPU
		{7DF79AD4-D92C-472B-BDFF-C0ED6BFB5C29}.Debug|Any CPU.ActiveCfg = Debug|Any CPU
		{7DF79AD4-D92C-472B-BDFF-C0ED6BFB5C29}.Debug|Any CPU.Build.0 = Debug|Any CPU
		{7DF79AD4-D92C-472B-BDFF-C0ED6BFB5C29}.Release|Any CPU.ActiveCfg = Release|Any CPU
		{7DF79AD4-D92C-472B-BDFF-C0ED6BFB5C29}.Release|Any CPU.Build.0 = Release|Any CPU
		{F77ECFF2-5BC4-4739-9652-5E76D90F9D8D}.Debug|Any CPU.ActiveCfg = Debug|Any CPU
		{F77ECFF2-5BC4-4739-9652-5E76D90F9D8D}.Debug|Any CPU.Build.0 = Debug|Any CPU
		{F77ECFF2-5BC4-4739-9652-5E76D90F9D8D}.Release|Any CPU.ActiveCfg = Release|Any CPU
		{F77ECFF2-5BC4-4739-9652-5E76D90F9D8D}.Release|Any CPU.Build.0 = Release|Any CPU
		{C3434150-1F4C-40B7-B9B0-A9E38E739D7C}.Debug|Any CPU.ActiveCfg = Debug|Any CPU
		{C3434150-1F4C-40B7-B9B0-A9E38E739D7C}.Debug|Any CPU.Build.0 = Debug|Any CPU
		{C3434150-1F4C-40B7-B9B0-A9E38E739D7C}.Release|Any CPU.ActiveCfg = Release|Any CPU
		{C3434150-1F4C-40B7-B9B0-A9E38E739D7C}.Release|Any CPU.Build.0 = Release|Any CPU
		{3B3CEEBA-7A87-40FE-806D-4577643922DA}.Debug|Any CPU.ActiveCfg = Debug|Any CPU
		{3B3CEEBA-7A87-40FE-806D-4577643922DA}.Debug|Any CPU.Build.0 = Debug|Any CPU
		{3B3CEEBA-7A87-40FE-806D-4577643922DA}.Release|Any CPU.ActiveCfg = Release|Any CPU
		{3B3CEEBA-7A87-40FE-806D-4577643922DA}.Release|Any CPU.Build.0 = Release|Any CPU
		{1CE1EAD1-30CF-4966-963E-9C84B0A321D1}.Debug|Any CPU.ActiveCfg = Debug|Any CPU
		{1CE1EAD1-30CF-4966-963E-9C84B0A321D1}.Debug|Any CPU.Build.0 = Debug|Any CPU
		{1CE1EAD1-30CF-4966-963E-9C84B0A321D1}.Release|Any CPU.ActiveCfg = Release|Any CPU
		{1CE1EAD1-30CF-4966-963E-9C84B0A321D1}.Release|Any CPU.Build.0 = Release|Any CPU
		{FF2E20E6-F18C-499E-8D0F-89BFB34098DA}.Debug|Any CPU.ActiveCfg = Debug|Any CPU
		{FF2E20E6-F18C-499E-8D0F-89BFB34098DA}.Debug|Any CPU.Build.0 = Debug|Any CPU
		{FF2E20E6-F18C-499E-8D0F-89BFB34098DA}.Release|Any CPU.ActiveCfg = Release|Any CPU
		{FF2E20E6-F18C-499E-8D0F-89BFB34098DA}.Release|Any CPU.Build.0 = Release|Any CPU
		{9FC5A3A5-0F37-4F67-9966-CB9D79CA4CB2}.Debug|Any CPU.ActiveCfg = Debug|Any CPU
		{9FC5A3A5-0F37-4F67-9966-CB9D79CA4CB2}.Debug|Any CPU.Build.0 = Debug|Any CPU
		{9FC5A3A5-0F37-4F67-9966-CB9D79CA4CB2}.Release|Any CPU.ActiveCfg = Release|Any CPU
		{9FC5A3A5-0F37-4F67-9966-CB9D79CA4CB2}.Release|Any CPU.Build.0 = Release|Any CPU
		{34FF8BA0-1F23-45AA-998E-5A388EBA4FDC}.Debug|Any CPU.ActiveCfg = Debug|Any CPU
		{34FF8BA0-1F23-45AA-998E-5A388EBA4FDC}.Debug|Any CPU.Build.0 = Debug|Any CPU
		{34FF8BA0-1F23-45AA-998E-5A388EBA4FDC}.Release|Any CPU.ActiveCfg = Release|Any CPU
		{34FF8BA0-1F23-45AA-998E-5A388EBA4FDC}.Release|Any CPU.Build.0 = Release|Any CPU
		{3F5677A8-BF7F-4D92-964E-5BBDD9CF8DA6}.Debug|Any CPU.ActiveCfg = Debug|Any CPU
		{3F5677A8-BF7F-4D92-964E-5BBDD9CF8DA6}.Debug|Any CPU.Build.0 = Debug|Any CPU
		{3F5677A8-BF7F-4D92-964E-5BBDD9CF8DA6}.Release|Any CPU.ActiveCfg = Release|Any CPU
		{3F5677A8-BF7F-4D92-964E-5BBDD9CF8DA6}.Release|Any CPU.Build.0 = Release|Any CPU
		{9C49BAFC-210C-47F8-9CCC-BDDA2A475EBC}.Debug|Any CPU.ActiveCfg = Debug|Any CPU
		{9C49BAFC-210C-47F8-9CCC-BDDA2A475EBC}.Debug|Any CPU.Build.0 = Debug|Any CPU
		{9C49BAFC-210C-47F8-9CCC-BDDA2A475EBC}.Release|Any CPU.ActiveCfg = Release|Any CPU
		{9C49BAFC-210C-47F8-9CCC-BDDA2A475EBC}.Release|Any CPU.Build.0 = Release|Any CPU
		{80B919E3-FCEB-4E86-A1DC-7C8B150AD4E3}.Debug|Any CPU.ActiveCfg = Debug|Any CPU
		{80B919E3-FCEB-4E86-A1DC-7C8B150AD4E3}.Debug|Any CPU.Build.0 = Debug|Any CPU
		{80B919E3-FCEB-4E86-A1DC-7C8B150AD4E3}.Release|Any CPU.ActiveCfg = Release|Any CPU
		{80B919E3-FCEB-4E86-A1DC-7C8B150AD4E3}.Release|Any CPU.Build.0 = Release|Any CPU
		{184ADF57-3829-446D-AD8D-6597556EBA64}.Debug|Any CPU.ActiveCfg = Debug|Any CPU
		{184ADF57-3829-446D-AD8D-6597556EBA64}.Debug|Any CPU.Build.0 = Debug|Any CPU
		{184ADF57-3829-446D-AD8D-6597556EBA64}.Release|Any CPU.ActiveCfg = Release|Any CPU
		{184ADF57-3829-446D-AD8D-6597556EBA64}.Release|Any CPU.Build.0 = Release|Any CPU
		{C8D96D32-05C7-4A3C-BDDF-3AF23FFC0CD1}.Debug|Any CPU.ActiveCfg = Debug|Any CPU
		{C8D96D32-05C7-4A3C-BDDF-3AF23FFC0CD1}.Debug|Any CPU.Build.0 = Debug|Any CPU
		{C8D96D32-05C7-4A3C-BDDF-3AF23FFC0CD1}.Release|Any CPU.ActiveCfg = Release|Any CPU
		{C8D96D32-05C7-4A3C-BDDF-3AF23FFC0CD1}.Release|Any CPU.Build.0 = Release|Any CPU
		{9C277A3A-CE53-44C8-8B24-B9601BB81903}.Debug|Any CPU.ActiveCfg = Debug|Any CPU
		{9C277A3A-CE53-44C8-8B24-B9601BB81903}.Debug|Any CPU.Build.0 = Debug|Any CPU
		{9C277A3A-CE53-44C8-8B24-B9601BB81903}.Release|Any CPU.ActiveCfg = Release|Any CPU
		{9C277A3A-CE53-44C8-8B24-B9601BB81903}.Release|Any CPU.Build.0 = Release|Any CPU
		{56A08AC8-D807-4F7A-AEC6-FAFAD1C09B19}.Debug|Any CPU.ActiveCfg = Debug|Any CPU
		{56A08AC8-D807-4F7A-AEC6-FAFAD1C09B19}.Debug|Any CPU.Build.0 = Debug|Any CPU
		{56A08AC8-D807-4F7A-AEC6-FAFAD1C09B19}.Release|Any CPU.ActiveCfg = Release|Any CPU
		{56A08AC8-D807-4F7A-AEC6-FAFAD1C09B19}.Release|Any CPU.Build.0 = Release|Any CPU
		{409A8E1B-F6CC-4FA1-8F85-AC402731DD68}.Debug|Any CPU.ActiveCfg = Debug|Any CPU
		{409A8E1B-F6CC-4FA1-8F85-AC402731DD68}.Debug|Any CPU.Build.0 = Debug|Any CPU
		{409A8E1B-F6CC-4FA1-8F85-AC402731DD68}.Release|Any CPU.ActiveCfg = Release|Any CPU
		{409A8E1B-F6CC-4FA1-8F85-AC402731DD68}.Release|Any CPU.Build.0 = Release|Any CPU
		{484B0668-F34F-41A2-A921-6D1A6A74A659}.Debug|Any CPU.ActiveCfg = Debug|Any CPU
		{484B0668-F34F-41A2-A921-6D1A6A74A659}.Debug|Any CPU.Build.0 = Debug|Any CPU
		{484B0668-F34F-41A2-A921-6D1A6A74A659}.Release|Any CPU.ActiveCfg = Release|Any CPU
		{484B0668-F34F-41A2-A921-6D1A6A74A659}.Release|Any CPU.Build.0 = Release|Any CPU
		{2EC017A3-A2A4-4D16-A1A9-0F826A8BDBA8}.Debug|Any CPU.ActiveCfg = Debug|Any CPU
		{2EC017A3-A2A4-4D16-A1A9-0F826A8BDBA8}.Debug|Any CPU.Build.0 = Debug|Any CPU
		{2EC017A3-A2A4-4D16-A1A9-0F826A8BDBA8}.Release|Any CPU.ActiveCfg = Release|Any CPU
		{2EC017A3-A2A4-4D16-A1A9-0F826A8BDBA8}.Release|Any CPU.Build.0 = Release|Any CPU
		{31DD87E9-2EDC-4D72-9A98-F41A5DF82A6E}.Debug|Any CPU.ActiveCfg = Debug|Any CPU
		{31DD87E9-2EDC-4D72-9A98-F41A5DF82A6E}.Debug|Any CPU.Build.0 = Debug|Any CPU
		{31DD87E9-2EDC-4D72-9A98-F41A5DF82A6E}.Release|Any CPU.ActiveCfg = Release|Any CPU
		{31DD87E9-2EDC-4D72-9A98-F41A5DF82A6E}.Release|Any CPU.Build.0 = Release|Any CPU
		{F20E6AD0-779D-437E-B983-4D43FCC22DC6}.Debug|Any CPU.ActiveCfg = Debug|Any CPU
		{F20E6AD0-779D-437E-B983-4D43FCC22DC6}.Debug|Any CPU.Build.0 = Debug|Any CPU
		{F20E6AD0-779D-437E-B983-4D43FCC22DC6}.Release|Any CPU.ActiveCfg = Release|Any CPU
		{F20E6AD0-779D-437E-B983-4D43FCC22DC6}.Release|Any CPU.Build.0 = Release|Any CPU
		{4B195073-ACC2-4798-88EC-7EB3C211124D}.Debug|Any CPU.ActiveCfg = Debug|Any CPU
		{4B195073-ACC2-4798-88EC-7EB3C211124D}.Debug|Any CPU.Build.0 = Debug|Any CPU
		{4B195073-ACC2-4798-88EC-7EB3C211124D}.Release|Any CPU.ActiveCfg = Release|Any CPU
		{4B195073-ACC2-4798-88EC-7EB3C211124D}.Release|Any CPU.Build.0 = Release|Any CPU
		{3A3E306A-4228-49CB-8335-8D6FEE917EB1}.Debug|Any CPU.ActiveCfg = Debug|Any CPU
		{3A3E306A-4228-49CB-8335-8D6FEE917EB1}.Debug|Any CPU.Build.0 = Debug|Any CPU
		{3A3E306A-4228-49CB-8335-8D6FEE917EB1}.Release|Any CPU.ActiveCfg = Release|Any CPU
		{3A3E306A-4228-49CB-8335-8D6FEE917EB1}.Release|Any CPU.Build.0 = Release|Any CPU
		{7FCD9C81-D6FB-4373-AD76-2AD0339F96FF}.Debug|Any CPU.ActiveCfg = Debug|Any CPU
		{7FCD9C81-D6FB-4373-AD76-2AD0339F96FF}.Debug|Any CPU.Build.0 = Debug|Any CPU
		{7FCD9C81-D6FB-4373-AD76-2AD0339F96FF}.Release|Any CPU.ActiveCfg = Release|Any CPU
		{7FCD9C81-D6FB-4373-AD76-2AD0339F96FF}.Release|Any CPU.Build.0 = Release|Any CPU
		{3091C4D4-7573-48A2-AA2F-38F381189BB1}.Debug|Any CPU.ActiveCfg = Debug|Any CPU
		{3091C4D4-7573-48A2-AA2F-38F381189BB1}.Debug|Any CPU.Build.0 = Debug|Any CPU
		{3091C4D4-7573-48A2-AA2F-38F381189BB1}.Release|Any CPU.ActiveCfg = Release|Any CPU
		{3091C4D4-7573-48A2-AA2F-38F381189BB1}.Release|Any CPU.Build.0 = Release|Any CPU
		{7E78E9EA-82C8-4ABA-A2BC-770DCD8DBE10}.Debug|Any CPU.ActiveCfg = Debug|Any CPU
		{7E78E9EA-82C8-4ABA-A2BC-770DCD8DBE10}.Debug|Any CPU.Build.0 = Debug|Any CPU
		{7E78E9EA-82C8-4ABA-A2BC-770DCD8DBE10}.Release|Any CPU.ActiveCfg = Release|Any CPU
		{7E78E9EA-82C8-4ABA-A2BC-770DCD8DBE10}.Release|Any CPU.Build.0 = Release|Any CPU
		{11FA185A-A42F-4911-BEB6-39DE06C42F02}.Debug|Any CPU.ActiveCfg = Debug|Any CPU
		{11FA185A-A42F-4911-BEB6-39DE06C42F02}.Debug|Any CPU.Build.0 = Debug|Any CPU
		{11FA185A-A42F-4911-BEB6-39DE06C42F02}.Release|Any CPU.ActiveCfg = Release|Any CPU
		{11FA185A-A42F-4911-BEB6-39DE06C42F02}.Release|Any CPU.Build.0 = Release|Any CPU
		{1A18B44A-4CB2-4A8A-95E7-9D742FE52A6E}.Debug|Any CPU.ActiveCfg = Debug|Any CPU
		{1A18B44A-4CB2-4A8A-95E7-9D742FE52A6E}.Debug|Any CPU.Build.0 = Debug|Any CPU
		{1A18B44A-4CB2-4A8A-95E7-9D742FE52A6E}.Release|Any CPU.ActiveCfg = Release|Any CPU
		{1A18B44A-4CB2-4A8A-95E7-9D742FE52A6E}.Release|Any CPU.Build.0 = Release|Any CPU
		{F52AF4EF-DC71-4BD0-98CE-24221AEDFA9E}.Debug|Any CPU.ActiveCfg = Debug|Any CPU
		{F52AF4EF-DC71-4BD0-98CE-24221AEDFA9E}.Debug|Any CPU.Build.0 = Debug|Any CPU
		{F52AF4EF-DC71-4BD0-98CE-24221AEDFA9E}.Release|Any CPU.ActiveCfg = Release|Any CPU
		{F52AF4EF-DC71-4BD0-98CE-24221AEDFA9E}.Release|Any CPU.Build.0 = Release|Any CPU
		{DCC6A791-38F5-4B75-93C4-16A54C081AF6}.Debug|Any CPU.ActiveCfg = Debug|Any CPU
		{DCC6A791-38F5-4B75-93C4-16A54C081AF6}.Debug|Any CPU.Build.0 = Debug|Any CPU
		{DCC6A791-38F5-4B75-93C4-16A54C081AF6}.Release|Any CPU.ActiveCfg = Release|Any CPU
		{DCC6A791-38F5-4B75-93C4-16A54C081AF6}.Release|Any CPU.Build.0 = Release|Any CPU
		{059C0FF9-EBE2-451C-BEA5-0F5479F61953}.Debug|Any CPU.ActiveCfg = Debug|Any CPU
		{059C0FF9-EBE2-451C-BEA5-0F5479F61953}.Debug|Any CPU.Build.0 = Debug|Any CPU
		{059C0FF9-EBE2-451C-BEA5-0F5479F61953}.Release|Any CPU.ActiveCfg = Release|Any CPU
		{059C0FF9-EBE2-451C-BEA5-0F5479F61953}.Release|Any CPU.Build.0 = Release|Any CPU
		{ECB163A9-6479-4265-B346-D3E05D274074}.Debug|Any CPU.ActiveCfg = Debug|Any CPU
		{ECB163A9-6479-4265-B346-D3E05D274074}.Debug|Any CPU.Build.0 = Debug|Any CPU
		{ECB163A9-6479-4265-B346-D3E05D274074}.Release|Any CPU.ActiveCfg = Release|Any CPU
		{ECB163A9-6479-4265-B346-D3E05D274074}.Release|Any CPU.Build.0 = Release|Any CPU
		{94E39402-173B-4834-8424-73CA029A2A1E}.Debug|Any CPU.ActiveCfg = Debug|Any CPU
		{94E39402-173B-4834-8424-73CA029A2A1E}.Debug|Any CPU.Build.0 = Debug|Any CPU
		{94E39402-173B-4834-8424-73CA029A2A1E}.Release|Any CPU.ActiveCfg = Release|Any CPU
		{94E39402-173B-4834-8424-73CA029A2A1E}.Release|Any CPU.Build.0 = Release|Any CPU
		{88535128-43E2-4602-B2B1-1517A32C86F0}.Debug|Any CPU.ActiveCfg = Debug|Any CPU
		{88535128-43E2-4602-B2B1-1517A32C86F0}.Debug|Any CPU.Build.0 = Debug|Any CPU
		{88535128-43E2-4602-B2B1-1517A32C86F0}.Release|Any CPU.ActiveCfg = Release|Any CPU
		{88535128-43E2-4602-B2B1-1517A32C86F0}.Release|Any CPU.Build.0 = Release|Any CPU
	EndGlobalSection
	GlobalSection(SolutionProperties) = preSolution
		HideSolutionNode = FALSE
	EndGlobalSection
	GlobalSection(ExtensibilityGlobals) = postSolution
		SolutionGuid = {8E04B31A-CE3F-497F-9DD9-428C44848C5E}
	EndGlobalSection
EndGlobal
